PODS:
  - Kingfisher (5.2.0)
  - KTCenterFlowLayout (1.3.1)
  - lottie-ios (2.5.2)
  - SwiftLint (0.31.0)

DEPENDENCIES:
  - Kingfisher
  - KTCenterFlowLayout
  - lottie-ios
  - SwiftLint

SPEC REPOS:
  https://github.com/cocoapods/specs.git:
    - Kingfisher
    - KTCenterFlowLayout
    - lottie-ios
    - SwiftLint

SPEC CHECKSUMS:
  Kingfisher: 07067cfacf371117330dceb4b4b8f5c4b691ab42
  KTCenterFlowLayout: 6e02b50ab2bd865025ae82fe266ed13b6d9eaf97
  lottie-ios: 3fef45d3fabe63e3c7c2eb603dd64ddfffc73062
  SwiftLint: 7a0227733d786395817373b2d0ca799fd0093ff3

PODFILE CHECKSUM: 1080201be50d75d768612a504c437da38704ec55

COCOAPODS: 1.5.3
