PODS:
  - Alamofire (4.8.2)
  - Kingfisher (5.3.1)
  - KTCenterFlowLayout (1.3.1)
  - lottie-ios (3.0.3)
  - SnapKit (4.2.0)
  - SwiftLint (0.31.0)

DEPENDENCIES:
  - Alamofire
  - Kingfisher
  - KTCenterFlowLayout
  - lottie-ios
  - SnapKit
  - SwiftLint

SPEC REPOS:
  https://github.com/cocoapods/specs.git:
    - Alamofire
    - Kingfisher
    - KTCenterFlowLayout
    - lottie-ios
    - SnapKit
    - SwiftLint

SPEC CHECKSUMS:
  Alamofire: ae5c501addb7afdbb13687d7f2f722c78734c2d3
  Kingfisher: d9e7e0b209b59b8f9873aa2f37654e81a7beea51
  KTCenterFlowLayout: 6e02b50ab2bd865025ae82fe266ed13b6d9eaf97
  lottie-ios: 06e0b54aab85ba128e332687d7f4ac4861a7a7ae
  SnapKit: fe8a619752f3f27075cc9a90244d75c6c3f27e2a
  SwiftLint: 7a0227733d786395817373b2d0ca799fd0093ff3

PODFILE CHECKSUM: 32f2fd98a8055354eb302f20af8f45112e271c02

COCOAPODS: 1.6.1
