PODS:
  - Alamofire (4.8.2)
  - Kingfisher (5.5.0)
  - KTCenterFlowLayout (1.3.1)
  - lottie-ios (3.0.6)
  - SnapKit (5.0.0)
  - SwiftLint (0.32.0)

DEPENDENCIES:
  - Alamofire
  - Kingfisher
  - KTCenterFlowLayout
  - lottie-ios
  - SnapKit
  - SwiftLint

SPEC REPOS:
  https://github.com/cocoapods/specs.git:
    - Alamofire
    - Kingfisher
    - KTCenterFlowLayout
    - lottie-ios
    - SnapKit
    - SwiftLint

SPEC CHECKSUMS:
  Alamofire: ae5c501addb7afdbb13687d7f2f722c78734c2d3
  Kingfisher: 6fe5e67a90fd335e49b0f5c075ff55ac5ebedd94
  KTCenterFlowLayout: 6e02b50ab2bd865025ae82fe266ed13b6d9eaf97
  lottie-ios: d030b6cda141cfd8bbaa3db89264785e6fdf675a
  SnapKit: fd22d10eb9aff484d79a8724eab922c1ddf89bcf
  SwiftLint: 009a898ef2a1c851f45e1b59349bf6ff2ddc990d

PODFILE CHECKSUM: 32f2fd98a8055354eb302f20af8f45112e271c02

COCOAPODS: 1.6.1
