// !$*UTF8*$!
{
	archiveVersion = 1;
	classes = {
	};
	objectVersion = 50;
	objects = {

/* Begin PBXBuildFile section */
		00CFF7032221BD9B004F1FE4 /* AppDelegate.swift in Sources */ = {isa = PBXBuildFile; fileRef = 00CFF7022221BD9B004F1FE4 /* AppDelegate.swift */; };
		00CFF7082221BD9B004F1FE4 /* Main.storyboard in Resources */ = {isa = PBXBuildFile; fileRef = 00CFF7062221BD9B004F1FE4 /* Main.storyboard */; };
		00CFF70A2221BD9D004F1FE4 /* Assets.xcassets in Resources */ = {isa = PBXBuildFile; fileRef = 00CFF7092221BD9D004F1FE4 /* Assets.xcassets */; };
		00CFF70D2221BD9D004F1FE4 /* LaunchScreen.storyboard in Resources */ = {isa = PBXBuildFile; fileRef = 00CFF70B2221BD9D004F1FE4 /* LaunchScreen.storyboard */; };
		00CFF7182221BD9D004F1FE4 /* ToonieTests.swift in Sources */ = {isa = PBXBuildFile; fileRef = 00CFF7172221BD9D004F1FE4 /* ToonieTests.swift */; };
		00CFF7282221C4A8004F1FE4 /* MyPage.storyboard in Resources */ = {isa = PBXBuildFile; fileRef = 00CFF7272221C4A8004F1FE4 /* MyPage.storyboard */; };
		00CFF72A2221C4B8004F1FE4 /* Feed.storyboard in Resources */ = {isa = PBXBuildFile; fileRef = 00CFF7292221C4B8004F1FE4 /* Feed.storyboard */; };
		00CFF72C2221C5AB004F1FE4 /* MainViewController.swift in Sources */ = {isa = PBXBuildFile; fileRef = 00CFF72B2221C5AB004F1FE4 /* MainViewController.swift */; };
		00CFF72E2221D0E2004F1FE4 /* Setting.storyboard in Resources */ = {isa = PBXBuildFile; fileRef = 00CFF72D2221D0E2004F1FE4 /* Setting.storyboard */; };
		00CFF7302221D0F0004F1FE4 /* Look.storyboard in Resources */ = {isa = PBXBuildFile; fileRef = 00CFF72F2221D0F0004F1FE4 /* Look.storyboard */; };
		1DF9D60C2223E38D0092288E /* FeedFirstUIView.swift in Sources */ = {isa = PBXBuildFile; fileRef = 1DF9D60B2223E38D0092288E /* FeedFirstUIView.swift */; };
		1DF9D60E2224B55E0092288E /* SplashViewController.swift in Sources */ = {isa = PBXBuildFile; fileRef = 1DF9D60D2224B55E0092288E /* SplashViewController.swift */; };
		1DF9D6112224B5B00092288E /* KeywordSelectViewController.swift in Sources */ = {isa = PBXBuildFile; fileRef = 1DF9D6102224B5B00092288E /* KeywordSelectViewController.swift */; };
		1DF9D6172224B7990092288E /* giphy.gif in Resources */ = {isa = PBXBuildFile; fileRef = 1DF9D6162224B7990092288E /* giphy.gif */; };
		60947A1CAE147AB97B65A7CC /* Pods_ToonieTests.framework in Frameworks */ = {isa = PBXBuildFile; fileRef = 03067A33098948C0699014C7 /* Pods_ToonieTests.framework */; };
		8D694D166890E314DBAD3E28 /* Pods_Toonie.framework in Frameworks */ = {isa = PBXBuildFile; fileRef = 4E69D3B1F80ED39F92B90957 /* Pods_Toonie.framework */; };
		B20C88DA2221F8DE0072EE92 /* FeedFirstUIView.xib in Resources */ = {isa = PBXBuildFile; fileRef = B20C88D92221F8DE0072EE92 /* FeedFirstUIView.xib */; };
		B20C88DC2221FB310072EE92 /* FeedViewController.swift in Sources */ = {isa = PBXBuildFile; fileRef = B20C88DB2221FB310072EE92 /* FeedViewController.swift */; };
		B262AB0C222A885F002155C2 /* .swiftlint.yml in Resources */ = {isa = PBXBuildFile; fileRef = B262AB0B222A885F002155C2 /* .swiftlint.yml */; };
		B2BFF2672227B3410059EBCE /* KeywordCell.swift in Sources */ = {isa = PBXBuildFile; fileRef = B2BFF2662227B3410059EBCE /* KeywordCell.swift */; };
/* End PBXBuildFile section */

/* Begin PBXContainerItemProxy section */
		00CFF7142221BD9D004F1FE4 /* PBXContainerItemProxy */ = {
			isa = PBXContainerItemProxy;
			containerPortal = 00CFF6F72221BD9B004F1FE4 /* Project object */;
			proxyType = 1;
			remoteGlobalIDString = 00CFF6FE2221BD9B004F1FE4;
			remoteInfo = Toonie;
		};
/* End PBXContainerItemProxy section */

/* Begin PBXFileReference section */
		00CFF6FF2221BD9B004F1FE4 /* Toonie.app */ = {isa = PBXFileReference; explicitFileType = wrapper.application; includeInIndex = 0; path = Toonie.app; sourceTree = BUILT_PRODUCTS_DIR; };
		00CFF7022221BD9B004F1FE4 /* AppDelegate.swift */ = {isa = PBXFileReference; lastKnownFileType = sourcecode.swift; path = AppDelegate.swift; sourceTree = "<group>"; };
		00CFF7072221BD9B004F1FE4 /* Base */ = {isa = PBXFileReference; lastKnownFileType = file.storyboard; name = Base; path = Base.lproj/Main.storyboard; sourceTree = "<group>"; };
		00CFF7092221BD9D004F1FE4 /* Assets.xcassets */ = {isa = PBXFileReference; lastKnownFileType = folder.assetcatalog; path = Assets.xcassets; sourceTree = "<group>"; };
		00CFF70C2221BD9D004F1FE4 /* Base */ = {isa = PBXFileReference; lastKnownFileType = file.storyboard; name = Base; path = Base.lproj/LaunchScreen.storyboard; sourceTree = "<group>"; };
		00CFF70E2221BD9D004F1FE4 /* Info.plist */ = {isa = PBXFileReference; lastKnownFileType = text.plist.xml; path = Info.plist; sourceTree = "<group>"; };
		00CFF7132221BD9D004F1FE4 /* ToonieTests.xctest */ = {isa = PBXFileReference; explicitFileType = wrapper.cfbundle; includeInIndex = 0; path = ToonieTests.xctest; sourceTree = BUILT_PRODUCTS_DIR; };
		00CFF7172221BD9D004F1FE4 /* ToonieTests.swift */ = {isa = PBXFileReference; lastKnownFileType = sourcecode.swift; path = ToonieTests.swift; sourceTree = "<group>"; };
		00CFF7192221BD9D004F1FE4 /* Info.plist */ = {isa = PBXFileReference; lastKnownFileType = text.plist.xml; path = Info.plist; sourceTree = "<group>"; };
		00CFF7272221C4A8004F1FE4 /* MyPage.storyboard */ = {isa = PBXFileReference; lastKnownFileType = file.storyboard; path = MyPage.storyboard; sourceTree = "<group>"; };
		00CFF7292221C4B8004F1FE4 /* Feed.storyboard */ = {isa = PBXFileReference; lastKnownFileType = file.storyboard; path = Feed.storyboard; sourceTree = "<group>"; };
		00CFF72B2221C5AB004F1FE4 /* MainViewController.swift */ = {isa = PBXFileReference; lastKnownFileType = sourcecode.swift; path = MainViewController.swift; sourceTree = "<group>"; };
		00CFF72D2221D0E2004F1FE4 /* Setting.storyboard */ = {isa = PBXFileReference; lastKnownFileType = file.storyboard; path = Setting.storyboard; sourceTree = "<group>"; };
		00CFF72F2221D0F0004F1FE4 /* Look.storyboard */ = {isa = PBXFileReference; lastKnownFileType = file.storyboard; path = Look.storyboard; sourceTree = "<group>"; };
		03067A33098948C0699014C7 /* Pods_ToonieTests.framework */ = {isa = PBXFileReference; explicitFileType = wrapper.framework; includeInIndex = 0; path = Pods_ToonieTests.framework; sourceTree = BUILT_PRODUCTS_DIR; };
		1DF9D60B2223E38D0092288E /* FeedFirstUIView.swift */ = {isa = PBXFileReference; lastKnownFileType = sourcecode.swift; name = FeedFirstUIView.swift; path = toonie/Feed/FeedFirstUIView.swift; sourceTree = SOURCE_ROOT; };
		1DF9D60D2224B55E0092288E /* SplashViewController.swift */ = {isa = PBXFileReference; lastKnownFileType = sourcecode.swift; name = SplashViewController.swift; path = Toonie/Splash/SplashViewController.swift; sourceTree = SOURCE_ROOT; };
		1DF9D6102224B5B00092288E /* KeywordSelectViewController.swift */ = {isa = PBXFileReference; lastKnownFileType = sourcecode.swift; name = KeywordSelectViewController.swift; path = toonie/Splash/KeywordSelectViewController.swift; sourceTree = SOURCE_ROOT; };
		1DF9D6162224B7990092288E /* giphy.gif */ = {isa = PBXFileReference; lastKnownFileType = image.gif; name = giphy.gif; path = "toonie/Supporting Files/giphy.gif"; sourceTree = SOURCE_ROOT; };
		487559204AEBFC54924D8FAB /* Pods-Toonie.debug.xcconfig */ = {isa = PBXFileReference; includeInIndex = 1; lastKnownFileType = text.xcconfig; name = "Pods-Toonie.debug.xcconfig"; path = "Pods/Target Support Files/Pods-Toonie/Pods-Toonie.debug.xcconfig"; sourceTree = "<group>"; };
		4E69D3B1F80ED39F92B90957 /* Pods_Toonie.framework */ = {isa = PBXFileReference; explicitFileType = wrapper.framework; includeInIndex = 0; path = Pods_Toonie.framework; sourceTree = BUILT_PRODUCTS_DIR; };
		587F64BB4E4FD06BA5125451 /* Pods-ToonieTests.debug.xcconfig */ = {isa = PBXFileReference; includeInIndex = 1; lastKnownFileType = text.xcconfig; name = "Pods-ToonieTests.debug.xcconfig"; path = "Pods/Target Support Files/Pods-ToonieTests/Pods-ToonieTests.debug.xcconfig"; sourceTree = "<group>"; };
		786F33F59376DE1D2AF318D2 /* Pods-ToonieTests.release.xcconfig */ = {isa = PBXFileReference; includeInIndex = 1; lastKnownFileType = text.xcconfig; name = "Pods-ToonieTests.release.xcconfig"; path = "Pods/Target Support Files/Pods-ToonieTests/Pods-ToonieTests.release.xcconfig"; sourceTree = "<group>"; };
		95F691B21BA7265F25F9A1A2 /* Pods-Toonie.release.xcconfig */ = {isa = PBXFileReference; includeInIndex = 1; lastKnownFileType = text.xcconfig; name = "Pods-Toonie.release.xcconfig"; path = "Pods/Target Support Files/Pods-Toonie/Pods-Toonie.release.xcconfig"; sourceTree = "<group>"; };
		B20C88D92221F8DE0072EE92 /* FeedFirstUIView.xib */ = {isa = PBXFileReference; lastKnownFileType = file.xib; path = FeedFirstUIView.xib; sourceTree = "<group>"; };
		B20C88DB2221FB310072EE92 /* FeedViewController.swift */ = {isa = PBXFileReference; lastKnownFileType = sourcecode.swift; path = FeedViewController.swift; sourceTree = "<group>"; };
		B262AB0B222A885F002155C2 /* .swiftlint.yml */ = {isa = PBXFileReference; lastKnownFileType = text; path = .swiftlint.yml; sourceTree = "<group>"; };
		B2BFF2662227B3410059EBCE /* KeywordCell.swift */ = {isa = PBXFileReference; lastKnownFileType = sourcecode.swift; path = KeywordCell.swift; sourceTree = "<group>"; };
/* End PBXFileReference section */

/* Begin PBXFrameworksBuildPhase section */
		00CFF6FC2221BD9B004F1FE4 /* Frameworks */ = {
			isa = PBXFrameworksBuildPhase;
			buildActionMask = 2147483647;
			files = (
				8D694D166890E314DBAD3E28 /* Pods_Toonie.framework in Frameworks */,
			);
			runOnlyForDeploymentPostprocessing = 0;
		};
		00CFF7102221BD9D004F1FE4 /* Frameworks */ = {
			isa = PBXFrameworksBuildPhase;
			buildActionMask = 2147483647;
			files = (
				60947A1CAE147AB97B65A7CC /* Pods_ToonieTests.framework in Frameworks */,
			);
			runOnlyForDeploymentPostprocessing = 0;
		};
/* End PBXFrameworksBuildPhase section */

/* Begin PBXGroup section */
		00CFF6F62221BD9B004F1FE4 = {
			isa = PBXGroup;
			children = (
				00CFF7012221BD9B004F1FE4 /* Toonie */,
				00CFF7162221BD9D004F1FE4 /* ToonieTests */,
				00CFF7002221BD9B004F1FE4 /* Products */,
				D9BFBD34B1FC5AABFA75AFFB /* Pods */,
				06BA368712585FB377E68DBC /* Frameworks */,
			);
			sourceTree = "<group>";
		};
		00CFF7002221BD9B004F1FE4 /* Products */ = {
			isa = PBXGroup;
			children = (
				00CFF6FF2221BD9B004F1FE4 /* Toonie.app */,
				00CFF7132221BD9D004F1FE4 /* ToonieTests.xctest */,
			);
			name = Products;
			sourceTree = "<group>";
		};
		00CFF7012221BD9B004F1FE4 /* Toonie */ = {
			isa = PBXGroup;
			children = (
				00CFF7262221BF70004F1FE4 /* MyPage */,
				00CFF7252221BF5D004F1FE4 /* Setting */,
				00CFF7242221BF32004F1FE4 /* Feed */,
				00CFF7232221BF00004F1FE4 /* Look */,
				1DF9D60F2224B57E0092288E /* Splash */,
				00CFF7222221BDC4004F1FE4 /* Supporting Files */,
				00CFF7062221BD9B004F1FE4 /* Main.storyboard */,
				00CFF70E2221BD9D004F1FE4 /* Info.plist */,
				00CFF72B2221C5AB004F1FE4 /* MainViewController.swift */,
			);
			path = Toonie;
			sourceTree = "<group>";
		};
		00CFF7162221BD9D004F1FE4 /* ToonieTests */ = {
			isa = PBXGroup;
			children = (
				00CFF7172221BD9D004F1FE4 /* ToonieTests.swift */,
				00CFF7192221BD9D004F1FE4 /* Info.plist */,
			);
			path = ToonieTests;
			sourceTree = "<group>";
		};
		00CFF7222221BDC4004F1FE4 /* Supporting Files */ = {
			isa = PBXGroup;
			children = (
				1DF9D6162224B7990092288E /* giphy.gif */,
				00CFF7092221BD9D004F1FE4 /* Assets.xcassets */,
				00CFF70B2221BD9D004F1FE4 /* LaunchScreen.storyboard */,
				00CFF7022221BD9B004F1FE4 /* AppDelegate.swift */,
				B262AB0B222A885F002155C2 /* .swiftlint.yml */,
			);
			path = "Supporting Files";
			sourceTree = "<group>";
		};
		00CFF7232221BF00004F1FE4 /* Look */ = {
			isa = PBXGroup;
			children = (
				00CFF72F2221D0F0004F1FE4 /* Look.storyboard */,
			);
			path = Look;
			sourceTree = "<group>";
		};
		00CFF7242221BF32004F1FE4 /* Feed */ = {
			isa = PBXGroup;
			children = (
				00CFF7292221C4B8004F1FE4 /* Feed.storyboard */,
				B20C88DB2221FB310072EE92 /* FeedViewController.swift */,
				B20C88D92221F8DE0072EE92 /* FeedFirstUIView.xib */,
				1DF9D60B2223E38D0092288E /* FeedFirstUIView.swift */,
			);
			path = Feed;
			sourceTree = "<group>";
		};
		00CFF7252221BF5D004F1FE4 /* Setting */ = {
			isa = PBXGroup;
			children = (
				00CFF72D2221D0E2004F1FE4 /* Setting.storyboard */,
			);
			path = Setting;
			sourceTree = "<group>";
		};
		00CFF7262221BF70004F1FE4 /* MyPage */ = {
			isa = PBXGroup;
			children = (
				00CFF7272221C4A8004F1FE4 /* MyPage.storyboard */,
			);
			path = MyPage;
			sourceTree = "<group>";
		};
		06BA368712585FB377E68DBC /* Frameworks */ = {
			isa = PBXGroup;
			children = (
				4E69D3B1F80ED39F92B90957 /* Pods_Toonie.framework */,
				03067A33098948C0699014C7 /* Pods_ToonieTests.framework */,
			);
			name = Frameworks;
			sourceTree = "<group>";
		};
		1DF9D60F2224B57E0092288E /* Splash */ = {
			isa = PBXGroup;
			children = (
				1DF9D60D2224B55E0092288E /* SplashViewController.swift */,
				1DF9D6102224B5B00092288E /* KeywordSelectViewController.swift */,
				B2BFF2662227B3410059EBCE /* KeywordCell.swift */,
			);
			path = Splash;
			sourceTree = "<group>";
		};
		D9BFBD34B1FC5AABFA75AFFB /* Pods */ = {
			isa = PBXGroup;
			children = (
				487559204AEBFC54924D8FAB /* Pods-Toonie.debug.xcconfig */,
				95F691B21BA7265F25F9A1A2 /* Pods-Toonie.release.xcconfig */,
				587F64BB4E4FD06BA5125451 /* Pods-ToonieTests.debug.xcconfig */,
				786F33F59376DE1D2AF318D2 /* Pods-ToonieTests.release.xcconfig */,
			);
			name = Pods;
			sourceTree = "<group>";
		};
/* End PBXGroup section */

/* Begin PBXNativeTarget section */
		00CFF6FE2221BD9B004F1FE4 /* Toonie */ = {
			isa = PBXNativeTarget;
			buildConfigurationList = 00CFF71C2221BD9D004F1FE4 /* Build configuration list for PBXNativeTarget "Toonie" */;
			buildPhases = (
				8B5819532522E9954AFDC2A0 /* [CP] Check Pods Manifest.lock */,
				00CFF6FB2221BD9B004F1FE4 /* Sources */,
				00CFF6FC2221BD9B004F1FE4 /* Frameworks */,
				00CFF6FD2221BD9B004F1FE4 /* Resources */,
				1848D4B2A97E9C1445DB3834 /* [CP] Embed Pods Frameworks */,
				B262AB0A222A87DC002155C2 /* ShellScript */,
			);
			buildRules = (
			);
			dependencies = (
			);
			name = Toonie;
			productName = Toonie;
			productReference = 00CFF6FF2221BD9B004F1FE4 /* Toonie.app */;
			productType = "com.apple.product-type.application";
		};
		00CFF7122221BD9D004F1FE4 /* ToonieTests */ = {
			isa = PBXNativeTarget;
			buildConfigurationList = 00CFF71F2221BD9D004F1FE4 /* Build configuration list for PBXNativeTarget "ToonieTests" */;
			buildPhases = (
				FFCD255BD6AD1F351E4FBE86 /* [CP] Check Pods Manifest.lock */,
				00CFF70F2221BD9D004F1FE4 /* Sources */,
				00CFF7102221BD9D004F1FE4 /* Frameworks */,
				00CFF7112221BD9D004F1FE4 /* Resources */,
			);
			buildRules = (
			);
			dependencies = (
				00CFF7152221BD9D004F1FE4 /* PBXTargetDependency */,
			);
			name = ToonieTests;
			productName = ToonieTests;
			productReference = 00CFF7132221BD9D004F1FE4 /* ToonieTests.xctest */;
			productType = "com.apple.product-type.bundle.unit-test";
		};
/* End PBXNativeTarget section */

/* Begin PBXProject section */
		00CFF6F72221BD9B004F1FE4 /* Project object */ = {
			isa = PBXProject;
			attributes = {
				LastSwiftUpdateCheck = 1010;
				LastUpgradeCheck = 1010;
				ORGANIZATIONNAME = d;
				TargetAttributes = {
					00CFF6FE2221BD9B004F1FE4 = {
						CreatedOnToolsVersion = 10.1;
					};
					00CFF7122221BD9D004F1FE4 = {
						CreatedOnToolsVersion = 10.1;
						TestTargetID = 00CFF6FE2221BD9B004F1FE4;
					};
				};
			};
			buildConfigurationList = 00CFF6FA2221BD9B004F1FE4 /* Build configuration list for PBXProject "Toonie" */;
			compatibilityVersion = "Xcode 9.3";
			developmentRegion = en;
			hasScannedForEncodings = 0;
			knownRegions = (
				en,
				Base,
			);
			mainGroup = 00CFF6F62221BD9B004F1FE4;
			productRefGroup = 00CFF7002221BD9B004F1FE4 /* Products */;
			projectDirPath = "";
			projectRoot = "";
			targets = (
				00CFF6FE2221BD9B004F1FE4 /* Toonie */,
				00CFF7122221BD9D004F1FE4 /* ToonieTests */,
			);
		};
/* End PBXProject section */

/* Begin PBXResourcesBuildPhase section */
		00CFF6FD2221BD9B004F1FE4 /* Resources */ = {
			isa = PBXResourcesBuildPhase;
			buildActionMask = 2147483647;
			files = (
				B262AB0C222A885F002155C2 /* .swiftlint.yml in Resources */,
				1DF9D6172224B7990092288E /* giphy.gif in Resources */,
				00CFF72A2221C4B8004F1FE4 /* Feed.storyboard in Resources */,
				B20C88DA2221F8DE0072EE92 /* FeedFirstUIView.xib in Resources */,
				00CFF70D2221BD9D004F1FE4 /* LaunchScreen.storyboard in Resources */,
				00CFF70A2221BD9D004F1FE4 /* Assets.xcassets in Resources */,
				00CFF7082221BD9B004F1FE4 /* Main.storyboard in Resources */,
				00CFF7282221C4A8004F1FE4 /* MyPage.storyboard in Resources */,
				00CFF7302221D0F0004F1FE4 /* Look.storyboard in Resources */,
				00CFF72E2221D0E2004F1FE4 /* Setting.storyboard in Resources */,
			);
			runOnlyForDeploymentPostprocessing = 0;
		};
		00CFF7112221BD9D004F1FE4 /* Resources */ = {
			isa = PBXResourcesBuildPhase;
			buildActionMask = 2147483647;
			files = (
			);
			runOnlyForDeploymentPostprocessing = 0;
		};
/* End PBXResourcesBuildPhase section */

/* Begin PBXShellScriptBuildPhase section */
		1848D4B2A97E9C1445DB3834 /* [CP] Embed Pods Frameworks */ = {
			isa = PBXShellScriptBuildPhase;
			buildActionMask = 2147483647;
			files = (
			);
			inputFileListPaths = (
			);
			inputPaths = (
				"${PODS_ROOT}/Target Support Files/Pods-Toonie/Pods-Toonie-frameworks.sh",
				"${BUILT_PRODUCTS_DIR}/KTCenterFlowLayout/KTCenterFlowLayout.framework",
				"${BUILT_PRODUCTS_DIR}/Kingfisher/Kingfisher.framework",
				"${BUILT_PRODUCTS_DIR}/lottie-ios/Lottie.framework",
			);
			name = "[CP] Embed Pods Frameworks";
			outputFileListPaths = (
			);
			outputPaths = (
				"${TARGET_BUILD_DIR}/${FRAMEWORKS_FOLDER_PATH}/KTCenterFlowLayout.framework",
				"${TARGET_BUILD_DIR}/${FRAMEWORKS_FOLDER_PATH}/Kingfisher.framework",
				"${TARGET_BUILD_DIR}/${FRAMEWORKS_FOLDER_PATH}/Lottie.framework",
			);
			runOnlyForDeploymentPostprocessing = 0;
			shellPath = /bin/sh;
			shellScript = "\"${PODS_ROOT}/Target Support Files/Pods-Toonie/Pods-Toonie-frameworks.sh\"\n";
			showEnvVarsInLog = 0;
		};
		8B5819532522E9954AFDC2A0 /* [CP] Check Pods Manifest.lock */ = {
			isa = PBXShellScriptBuildPhase;
			buildActionMask = 2147483647;
			files = (
			);
			inputFileListPaths = (
			);
			inputPaths = (
				"${PODS_PODFILE_DIR_PATH}/Podfile.lock",
				"${PODS_ROOT}/Manifest.lock",
			);
			name = "[CP] Check Pods Manifest.lock";
			outputFileListPaths = (
			);
			outputPaths = (
				"$(DERIVED_FILE_DIR)/Pods-Toonie-checkManifestLockResult.txt",
			);
			runOnlyForDeploymentPostprocessing = 0;
			shellPath = /bin/sh;
			shellScript = "diff \"${PODS_PODFILE_DIR_PATH}/Podfile.lock\" \"${PODS_ROOT}/Manifest.lock\" > /dev/null\nif [ $? != 0 ] ; then\n    # print error to STDERR\n    echo \"error: The sandbox is not in sync with the Podfile.lock. Run 'pod install' or update your CocoaPods installation.\" >&2\n    exit 1\nfi\n# This output is used by Xcode 'outputs' to avoid re-running this script phase.\necho \"SUCCESS\" > \"${SCRIPT_OUTPUT_FILE_0}\"\n";
			showEnvVarsInLog = 0;
		};
		B262AB0A222A87DC002155C2 /* ShellScript */ = {
			isa = PBXShellScriptBuildPhase;
			buildActionMask = 2147483647;
			files = (
			);
			inputFileListPaths = (
			);
			inputPaths = (
			);
			outputFileListPaths = (
			);
			outputPaths = (
			);
			runOnlyForDeploymentPostprocessing = 0;
			shellPath = /bin/sh;
			shellScript = "${PODS_ROOT}/SwiftLint/swiftlint autocorrect\n";
		};
		FFCD255BD6AD1F351E4FBE86 /* [CP] Check Pods Manifest.lock */ = {
			isa = PBXShellScriptBuildPhase;
			buildActionMask = 2147483647;
			files = (
			);
			inputFileListPaths = (
			);
			inputPaths = (
				"${PODS_PODFILE_DIR_PATH}/Podfile.lock",
				"${PODS_ROOT}/Manifest.lock",
			);
			name = "[CP] Check Pods Manifest.lock";
			outputFileListPaths = (
			);
			outputPaths = (
				"$(DERIVED_FILE_DIR)/Pods-ToonieTests-checkManifestLockResult.txt",
			);
			runOnlyForDeploymentPostprocessing = 0;
			shellPath = /bin/sh;
			shellScript = "diff \"${PODS_PODFILE_DIR_PATH}/Podfile.lock\" \"${PODS_ROOT}/Manifest.lock\" > /dev/null\nif [ $? != 0 ] ; then\n    # print error to STDERR\n    echo \"error: The sandbox is not in sync with the Podfile.lock. Run 'pod install' or update your CocoaPods installation.\" >&2\n    exit 1\nfi\n# This output is used by Xcode 'outputs' to avoid re-running this script phase.\necho \"SUCCESS\" > \"${SCRIPT_OUTPUT_FILE_0}\"\n";
			showEnvVarsInLog = 0;
		};
/* End PBXShellScriptBuildPhase section */

/* Begin PBXSourcesBuildPhase section */
		00CFF6FB2221BD9B004F1FE4 /* Sources */ = {
			isa = PBXSourcesBuildPhase;
			buildActionMask = 2147483647;
			files = (
				1DF9D6112224B5B00092288E /* KeywordSelectViewController.swift in Sources */,
				B2BFF2672227B3410059EBCE /* KeywordCell.swift in Sources */,
				00CFF7032221BD9B004F1FE4 /* AppDelegate.swift in Sources */,
				1DF9D60C2223E38D0092288E /* FeedFirstUIView.swift in Sources */,
				B20C88DC2221FB310072EE92 /* FeedViewController.swift in Sources */,
				00CFF72C2221C5AB004F1FE4 /* MainViewController.swift in Sources */,
				1DF9D60E2224B55E0092288E /* SplashViewController.swift in Sources */,
			);
			runOnlyForDeploymentPostprocessing = 0;
		};
		00CFF70F2221BD9D004F1FE4 /* Sources */ = {
			isa = PBXSourcesBuildPhase;
			buildActionMask = 2147483647;
			files = (
				00CFF7182221BD9D004F1FE4 /* ToonieTests.swift in Sources */,
			);
			runOnlyForDeploymentPostprocessing = 0;
		};
/* End PBXSourcesBuildPhase section */

/* Begin PBXTargetDependency section */
		00CFF7152221BD9D004F1FE4 /* PBXTargetDependency */ = {
			isa = PBXTargetDependency;
			target = 00CFF6FE2221BD9B004F1FE4 /* Toonie */;
			targetProxy = 00CFF7142221BD9D004F1FE4 /* PBXContainerItemProxy */;
		};
/* End PBXTargetDependency section */

/* Begin PBXVariantGroup section */
		00CFF7062221BD9B004F1FE4 /* Main.storyboard */ = {
			isa = PBXVariantGroup;
			children = (
				00CFF7072221BD9B004F1FE4 /* Base */,
			);
			name = Main.storyboard;
			sourceTree = "<group>";
		};
		00CFF70B2221BD9D004F1FE4 /* LaunchScreen.storyboard */ = {
			isa = PBXVariantGroup;
			children = (
				00CFF70C2221BD9D004F1FE4 /* Base */,
			);
			name = LaunchScreen.storyboard;
			sourceTree = "<group>";
		};
/* End PBXVariantGroup section */

/* Begin XCBuildConfiguration section */
		00CFF71A2221BD9D004F1FE4 /* Debug */ = {
			isa = XCBuildConfiguration;
			buildSettings = {
				ALWAYS_SEARCH_USER_PATHS = NO;
				CLANG_ANALYZER_NONNULL = YES;
				CLANG_ANALYZER_NUMBER_OBJECT_CONVERSION = YES_AGGRESSIVE;
				CLANG_CXX_LANGUAGE_STANDARD = "gnu++14";
				CLANG_CXX_LIBRARY = "libc++";
				CLANG_ENABLE_MODULES = YES;
				CLANG_ENABLE_OBJC_ARC = YES;
				CLANG_ENABLE_OBJC_WEAK = YES;
				CLANG_WARN_BLOCK_CAPTURE_AUTORELEASING = YES;
				CLANG_WARN_BOOL_CONVERSION = YES;
				CLANG_WARN_COMMA = YES;
				CLANG_WARN_CONSTANT_CONVERSION = YES;
				CLANG_WARN_DEPRECATED_OBJC_IMPLEMENTATIONS = YES;
				CLANG_WARN_DIRECT_OBJC_ISA_USAGE = YES_ERROR;
				CLANG_WARN_DOCUMENTATION_COMMENTS = YES;
				CLANG_WARN_EMPTY_BODY = YES;
				CLANG_WARN_ENUM_CONVERSION = YES;
				CLANG_WARN_INFINITE_RECURSION = YES;
				CLANG_WARN_INT_CONVERSION = YES;
				CLANG_WARN_NON_LITERAL_NULL_CONVERSION = YES;
				CLANG_WARN_OBJC_IMPLICIT_RETAIN_SELF = YES;
				CLANG_WARN_OBJC_LITERAL_CONVERSION = YES;
				CLANG_WARN_OBJC_ROOT_CLASS = YES_ERROR;
				CLANG_WARN_RANGE_LOOP_ANALYSIS = YES;
				CLANG_WARN_STRICT_PROTOTYPES = YES;
				CLANG_WARN_SUSPICIOUS_MOVE = YES;
				CLANG_WARN_UNGUARDED_AVAILABILITY = YES_AGGRESSIVE;
				CLANG_WARN_UNREACHABLE_CODE = YES;
				CLANG_WARN__DUPLICATE_METHOD_MATCH = YES;
				CODE_SIGN_IDENTITY = "iPhone Developer";
				COPY_PHASE_STRIP = NO;
				DEBUG_INFORMATION_FORMAT = dwarf;
				ENABLE_STRICT_OBJC_MSGSEND = YES;
				ENABLE_TESTABILITY = YES;
				GCC_C_LANGUAGE_STANDARD = gnu11;
				GCC_DYNAMIC_NO_PIC = NO;
				GCC_NO_COMMON_BLOCKS = YES;
				GCC_OPTIMIZATION_LEVEL = 0;
				GCC_PREPROCESSOR_DEFINITIONS = (
					"DEBUG=1",
					"$(inherited)",
				);
				GCC_WARN_64_TO_32_BIT_CONVERSION = YES;
				GCC_WARN_ABOUT_RETURN_TYPE = YES_ERROR;
				GCC_WARN_UNDECLARED_SELECTOR = YES;
				GCC_WARN_UNINITIALIZED_AUTOS = YES_AGGRESSIVE;
				GCC_WARN_UNUSED_FUNCTION = YES;
				GCC_WARN_UNUSED_VARIABLE = YES;
				IPHONEOS_DEPLOYMENT_TARGET = 12.1;
				MTL_ENABLE_DEBUG_INFO = INCLUDE_SOURCE;
				MTL_FAST_MATH = YES;
				ONLY_ACTIVE_ARCH = YES;
				SDKROOT = iphoneos;
				SWIFT_ACTIVE_COMPILATION_CONDITIONS = DEBUG;
				SWIFT_OPTIMIZATION_LEVEL = "-Onone";
			};
			name = Debug;
		};
		00CFF71B2221BD9D004F1FE4 /* Release */ = {
			isa = XCBuildConfiguration;
			buildSettings = {
				ALWAYS_SEARCH_USER_PATHS = NO;
				CLANG_ANALYZER_NONNULL = YES;
				CLANG_ANALYZER_NUMBER_OBJECT_CONVERSION = YES_AGGRESSIVE;
				CLANG_CXX_LANGUAGE_STANDARD = "gnu++14";
				CLANG_CXX_LIBRARY = "libc++";
				CLANG_ENABLE_MODULES = YES;
				CLANG_ENABLE_OBJC_ARC = YES;
				CLANG_ENABLE_OBJC_WEAK = YES;
				CLANG_WARN_BLOCK_CAPTURE_AUTORELEASING = YES;
				CLANG_WARN_BOOL_CONVERSION = YES;
				CLANG_WARN_COMMA = YES;
				CLANG_WARN_CONSTANT_CONVERSION = YES;
				CLANG_WARN_DEPRECATED_OBJC_IMPLEMENTATIONS = YES;
				CLANG_WARN_DIRECT_OBJC_ISA_USAGE = YES_ERROR;
				CLANG_WARN_DOCUMENTATION_COMMENTS = YES;
				CLANG_WARN_EMPTY_BODY = YES;
				CLANG_WARN_ENUM_CONVERSION = YES;
				CLANG_WARN_INFINITE_RECURSION = YES;
				CLANG_WARN_INT_CONVERSION = YES;
				CLANG_WARN_NON_LITERAL_NULL_CONVERSION = YES;
				CLANG_WARN_OBJC_IMPLICIT_RETAIN_SELF = YES;
				CLANG_WARN_OBJC_LITERAL_CONVERSION = YES;
				CLANG_WARN_OBJC_ROOT_CLASS = YES_ERROR;
				CLANG_WARN_RANGE_LOOP_ANALYSIS = YES;
				CLANG_WARN_STRICT_PROTOTYPES = YES;
				CLANG_WARN_SUSPICIOUS_MOVE = YES;
				CLANG_WARN_UNGUARDED_AVAILABILITY = YES_AGGRESSIVE;
				CLANG_WARN_UNREACHABLE_CODE = YES;
				CLANG_WARN__DUPLICATE_METHOD_MATCH = YES;
				CODE_SIGN_IDENTITY = "iPhone Developer";
				COPY_PHASE_STRIP = NO;
				DEBUG_INFORMATION_FORMAT = "dwarf-with-dsym";
				ENABLE_NS_ASSERTIONS = NO;
				ENABLE_STRICT_OBJC_MSGSEND = YES;
				GCC_C_LANGUAGE_STANDARD = gnu11;
				GCC_NO_COMMON_BLOCKS = YES;
				GCC_WARN_64_TO_32_BIT_CONVERSION = YES;
				GCC_WARN_ABOUT_RETURN_TYPE = YES_ERROR;
				GCC_WARN_UNDECLARED_SELECTOR = YES;
				GCC_WARN_UNINITIALIZED_AUTOS = YES_AGGRESSIVE;
				GCC_WARN_UNUSED_FUNCTION = YES;
				GCC_WARN_UNUSED_VARIABLE = YES;
				IPHONEOS_DEPLOYMENT_TARGET = 12.1;
				MTL_ENABLE_DEBUG_INFO = NO;
				MTL_FAST_MATH = YES;
				SDKROOT = iphoneos;
				SWIFT_COMPILATION_MODE = wholemodule;
				SWIFT_OPTIMIZATION_LEVEL = "-O";
				VALIDATE_PRODUCT = YES;
			};
			name = Release;
		};
		00CFF71D2221BD9D004F1FE4 /* Debug */ = {
			isa = XCBuildConfiguration;
			baseConfigurationReference = 487559204AEBFC54924D8FAB /* Pods-Toonie.debug.xcconfig */;
			buildSettings = {
				ASSETCATALOG_COMPILER_APPICON_NAME = AppIcon;
				CODE_SIGN_STYLE = Automatic;
				DEVELOPMENT_TEAM = 9Q6DDFULNZ;
				INFOPLIST_FILE = Toonie/Info.plist;
				IPHONEOS_DEPLOYMENT_TARGET = 10.0;
				LD_RUNPATH_SEARCH_PATHS = (
					"$(inherited)",
					"@executable_path/Frameworks",
				);
				PRODUCT_BUNDLE_IDENTIFIER = com.Toonie;
				PRODUCT_NAME = "$(TARGET_NAME)";
				SWIFT_VERSION = 4.2;
				TARGETED_DEVICE_FAMILY = "1,2";
			};
			name = Debug;
		};
		00CFF71E2221BD9D004F1FE4 /* Release */ = {
			isa = XCBuildConfiguration;
			baseConfigurationReference = 95F691B21BA7265F25F9A1A2 /* Pods-Toonie.release.xcconfig */;
			buildSettings = {
				ASSETCATALOG_COMPILER_APPICON_NAME = AppIcon;
				CODE_SIGN_STYLE = Automatic;
				DEVELOPMENT_TEAM = 9Q6DDFULNZ;
				INFOPLIST_FILE = Toonie/Info.plist;
				IPHONEOS_DEPLOYMENT_TARGET = 10.0;
				LD_RUNPATH_SEARCH_PATHS = (
					"$(inherited)",
					"@executable_path/Frameworks",
				);
				PRODUCT_BUNDLE_IDENTIFIER = com.Toonie;
				PRODUCT_NAME = "$(TARGET_NAME)";
				SWIFT_VERSION = 4.2;
				TARGETED_DEVICE_FAMILY = "1,2";
			};
			name = Release;
		};
		00CFF7202221BD9D004F1FE4 /* Debug */ = {
			isa = XCBuildConfiguration;
			baseConfigurationReference = 587F64BB4E4FD06BA5125451 /* Pods-ToonieTests.debug.xcconfig */;
			buildSettings = {
				ALWAYS_EMBED_SWIFT_STANDARD_LIBRARIES = YES;
				BUNDLE_LOADER = "$(TEST_HOST)";
				CODE_SIGN_STYLE = Automatic;
				DEVELOPMENT_TEAM = R78643UTJ5;
				INFOPLIST_FILE = ToonieTests/Info.plist;
				LD_RUNPATH_SEARCH_PATHS = (
					"$(inherited)",
					"@executable_path/Frameworks",
					"@loader_path/Frameworks",
				);
				PRODUCT_BUNDLE_IDENTIFIER = com.toonie.ToonieTests;
				PRODUCT_NAME = "$(TARGET_NAME)";
				SWIFT_VERSION = 4.2;
				TARGETED_DEVICE_FAMILY = "1,2";
				TEST_HOST = "$(BUILT_PRODUCTS_DIR)/Toonie.app/Toonie";
			};
			name = Debug;
		};
		00CFF7212221BD9D004F1FE4 /* Release */ = {
			isa = XCBuildConfiguration;
			baseConfigurationReference = 786F33F59376DE1D2AF318D2 /* Pods-ToonieTests.release.xcconfig */;
			buildSettings = {
				ALWAYS_EMBED_SWIFT_STANDARD_LIBRARIES = YES;
				BUNDLE_LOADER = "$(TEST_HOST)";
				CODE_SIGN_STYLE = Automatic;
				DEVELOPMENT_TEAM = R78643UTJ5;
				INFOPLIST_FILE = ToonieTests/Info.plist;
				LD_RUNPATH_SEARCH_PATHS = (
					"$(inherited)",
					"@executable_path/Frameworks",
					"@loader_path/Frameworks",
				);
				PRODUCT_BUNDLE_IDENTIFIER = com.toonie.ToonieTests;
				PRODUCT_NAME = "$(TARGET_NAME)";
				SWIFT_VERSION = 4.2;
				TARGETED_DEVICE_FAMILY = "1,2";
				TEST_HOST = "$(BUILT_PRODUCTS_DIR)/Toonie.app/Toonie";
			};
			name = Release;
		};
/* End XCBuildConfiguration section */

/* Begin XCConfigurationList section */
		00CFF6FA2221BD9B004F1FE4 /* Build configuration list for PBXProject "Toonie" */ = {
			isa = XCConfigurationList;
			buildConfigurations = (
				00CFF71A2221BD9D004F1FE4 /* Debug */,
				00CFF71B2221BD9D004F1FE4 /* Release */,
			);
			defaultConfigurationIsVisible = 0;
			defaultConfigurationName = Release;
		};
		00CFF71C2221BD9D004F1FE4 /* Build configuration list for PBXNativeTarget "Toonie" */ = {
			isa = XCConfigurationList;
			buildConfigurations = (
				00CFF71D2221BD9D004F1FE4 /* Debug */,
				00CFF71E2221BD9D004F1FE4 /* Release */,
			);
			defaultConfigurationIsVisible = 0;
			defaultConfigurationName = Release;
		};
		00CFF71F2221BD9D004F1FE4 /* Build configuration list for PBXNativeTarget "ToonieTests" */ = {
			isa = XCConfigurationList;
			buildConfigurations = (
				00CFF7202221BD9D004F1FE4 /* Debug */,
				00CFF7212221BD9D004F1FE4 /* Release */,
			);
			defaultConfigurationIsVisible = 0;
			defaultConfigurationName = Release;
		};
/* End XCConfigurationList section */
	};
	rootObject = 00CFF6F72221BD9B004F1FE4 /* Project object */;
}
