// !$*UTF8*$!
{
	archiveVersion = 1;
	classes = {
	};
	objectVersion = 50;
	objects = {

/* Begin PBXBuildFile section */
		3329D16EACF533982CBE706AE5A72FB7 /* .swiftlint.yml in Resources */ = {isa = PBXBuildFile; fileRef = 9C85D8F090D4E9C332080D997CFF19EE /* .swiftlint.yml */; };
		CD3B71BFA9A4A0A122FD68E070D94845 /* API+Base.swift in Sources */ = {isa = PBXBuildFile; fileRef = 91A6C0BF687FEF975FCB0157ADE62331 /* API+Base.swift */; };
		284284A87EAD42C78BE6BE7867420D59 /* AddToonCollectionViewCell.swift in Sources */ = {isa = PBXBuildFile; fileRef = 9D1CD535025B6DABF4C00C418598FECA /* AddToonCollectionViewCell.swift */; };
		3BA315B3C9603AC6B93F959232D18D96 /* AddToonViewController.swift in Sources */ = {isa = PBXBuildFile; fileRef = FB9A591D7D5CB7C82D47E5C4194E108F /* AddToonViewController.swift */; };
		2356B514E09193A5CBF1127EB3E77AB0 /* AppDelegate.swift in Sources */ = {isa = PBXBuildFile; fileRef = 0983BCBA1C869D8FA91A7719C7D244E3 /* AppDelegate.swift */; };
		BB57D379599E229DE86C9F3A93FCBB0F /* Assets.xcassets in Resources */ = {isa = PBXBuildFile; fileRef = 80C2C41933AFF35CEA1787DF94DFAF18 /* Assets.xcassets */; };
		CE58BDE4B385906F80FB4510F44E5C7B /* CALayer+.swift in Sources */ = {isa = PBXBuildFile; fileRef = 02A77C9F89A069C22EF59EBA5C5E17A8 /* CALayer+.swift */; };
		AB9BF389A4D6A9A12F45BDE69A35B72E /* CommonUtility.swift in Sources */ = {isa = PBXBuildFile; fileRef = 391E18129E3FD4CA97AD73AFBEA5D5A5 /* CommonUtility.swift */; };
		5D7C2A319945FF57226321B488D96614 /* Detail.storyboard in Resources */ = {isa = PBXBuildFile; fileRef = 013B051389A91973028316A3E576E272 /* Detail.storyboard */; };
		687C00FF78A900251B747635F98172EC /* DetailViewController.swift in Sources */ = {isa = PBXBuildFile; fileRef = E4C42DB5B38C27C2E993254790693BDF /* DetailViewController.swift */; };
		558FAE24BC1D46AEE96A7839D2EECDF9 /* FavoriteCollectionViewCell.swift in Sources */ = {isa = PBXBuildFile; fileRef = 6181A5BE3CAF62901728B8DEC5745044 /* FavoriteCollectionViewCell.swift */; };
		461C3F46EE79F602B9C6DC249B3A419C /* Feed.storyboard in Resources */ = {isa = PBXBuildFile; fileRef = 482A114E8A6A879454C3CB47C1BA9443 /* Feed.storyboard */; };
		C9355A5FA67D262F35C7B8B185D2CA62 /* FeedViewController.swift in Sources */ = {isa = PBXBuildFile; fileRef = D7BD45CDB0C7E1A8A0FE2DB9C0C25B75 /* FeedViewController.swift */; };
		6931E65B235D9EF98AF252FC0326C078 /* ForYouCollectionViewCell.swift in Sources */ = {isa = PBXBuildFile; fileRef = C3C59DFBC67BAFC0446C4ACC3CD30166 /* ForYouCollectionViewCell.swift */; };
		F3C2F02E93DEA64FA0001CEEBCEFE7A1 /* GestureViewController.swift in Sources */ = {isa = PBXBuildFile; fileRef = 1FDCAA09CFF5C8C7AA1BC8E5B1E86DE0 /* GestureViewController.swift */; };
		B8CD77E704B84AC69F36C250FB3FA1EC /* KeywordCell.swift in Sources */ = {isa = PBXBuildFile; fileRef = 20EDEEDFB2A92FFAA9328EB4B2086305 /* KeywordCell.swift */; };
		841F43351B84CE479CB40DF8E83FA09B /* KeywordSelectViewController.swift in Sources */ = {isa = PBXBuildFile; fileRef = 7369E794AEA4E0B7187CBD9AE26AFB2E /* KeywordSelectViewController.swift */; };
		1197A557CB1AF1158F94DFB7BD22F4DA /* Keywords.swift in Sources */ = {isa = PBXBuildFile; fileRef = 9222FD8324DC3A507BC365062CF19A15 /* Keywords.swift */; };
		F6181CB59A1A2DF3317424DA3BADFE9F /* LaunchScreen.storyboard in Resources */ = {isa = PBXBuildFile; fileRef = 3B0C78D03E5A43CAFBDBB7ED8BE48B16 /* LaunchScreen.storyboard */; };
		A1EEA867D16DF76FCAA9521EE5DEA370 /* Look.storyboard in Resources */ = {isa = PBXBuildFile; fileRef = 917CB174956FF8ACDAD03E1840E2F0EF /* Look.storyboard */; };
		6C2DEB00B715BF373C5B50D8B880EFF5 /* LookCell.swift in Sources */ = {isa = PBXBuildFile; fileRef = 4744A64E19261259A0F1C0E591CA994C /* LookCell.swift */; };
		8DE81B3464EE25EA61E3520654B563F5 /* LookDetailCell.swift in Sources */ = {isa = PBXBuildFile; fileRef = 0B7CDE333D6323D773871D9BCC1A06DC /* LookDetailCell.swift */; };
		EAC74CAA33B2653EA961CCB307D7673A /* LookDetailTopSelectCell.swift in Sources */ = {isa = PBXBuildFile; fileRef = 91E75075564D7BB6E508966769F1AAA2 /* LookDetailTopSelectCell.swift */; };
		29B80C6D63C0208EA94D6FE5E73B9E1B /* LookDetailTopSelectViewController.swift in Sources */ = {isa = PBXBuildFile; fileRef = 7CBEE6ADE2B72B6EC73732F7D7CCC695 /* LookDetailTopSelectViewController.swift */; };
		343AED7608C0A5C8D608FD5219286F1D /* LookDetailViewController.swift in Sources */ = {isa = PBXBuildFile; fileRef = 6F343144572D8198223CA340DABE3AAA /* LookDetailViewController.swift */; };
		2F487FFA72B9B1CA1B571558775F065E /* LookViewController.swift in Sources */ = {isa = PBXBuildFile; fileRef = 1F86D8B1CA39FC8055C8747A6AFC2D06 /* LookViewController.swift */; };
		4FFEF2D3318AC791E3F9C6ECC7710F1B /* Main.storyboard in Resources */ = {isa = PBXBuildFile; fileRef = EA5DF823B0E683B7C42B1DAFAC7C1D6E /* Main.storyboard */; };
		A31F7D42C07575D642B19CEE561AAD2A /* MainViewController.swift in Sources */ = {isa = PBXBuildFile; fileRef = 856BC1EDA73CD692E351511F4D51271A /* MainViewController.swift */; };
		62A168D2156F78875FCAA78CC8DAC4BE /* ModifyCollectionViewCell.swift in Sources */ = {isa = PBXBuildFile; fileRef = D3125924F713389768C519A65A96B6BD /* ModifyCollectionViewCell.swift */; };
		BD6D5F8108E5C2D9F03306CA47F7E653 /* ModifyViewController.swift in Sources */ = {isa = PBXBuildFile; fileRef = AE992C2BC0145A3DE2C63EABD876C25A /* ModifyViewController.swift */; };
		DD198E2FFCBF428D3BB0345A1CB1F292 /* MyPage.storyboard in Resources */ = {isa = PBXBuildFile; fileRef = 3410CCB8DC07905AB283969582125522 /* MyPage.storyboard */; };
		3D7829A51FE8C5A1D54342BA93D42FE8 /* MyPage.swift in Sources */ = {isa = PBXBuildFile; fileRef = 520E0A35F56B2B546835C7C60E855EEE /* MyPage.swift */; };
		087D071F4ACD5DD9DA5819762B27C20D /* MypageCollectionViewCell.swift in Sources */ = {isa = PBXBuildFile; fileRef = 6E8B3DA35B3E46B50EE7A39520EC52E8 /* MypageCollectionViewCell.swift */; };
		4A484BBF5FE067D98BFB7093168E7C90 /* MypageDetailCollectionViewCell.swift in Sources */ = {isa = PBXBuildFile; fileRef = A1B82C2D21CD592476C6DAF09221B684 /* MypageDetailCollectionViewCell.swift */; };
		2AEE70E242989259AC52F5761498DEEE /* MypageDetailViewController.swift in Sources */ = {isa = PBXBuildFile; fileRef = 38F9DAAFFAAAED602CB2AD1BE69ECCB8 /* MypageDetailViewController.swift */; };
		51EC9B743BF45A529F3B67136DF0FF70 /* MypagePopUpViewController.swift in Sources */ = {isa = PBXBuildFile; fileRef = 08FD1C2458DC9209D8977C9EF4E5C6F6 /* MypagePopUpViewController.swift */; };
		09E62ABF5EFB2AD2310CD9D548C8018B /* MypageViewController.swift in Sources */ = {isa = PBXBuildFile; fileRef = D5347DA29C97A840A7ACA03D8A5719C2 /* MypageViewController.swift */; };
		5CE1E4B98BF9BACC42C6DF600734DB28 /* NetworkResult.swift in Sources */ = {isa = PBXBuildFile; fileRef = 5BBD6D273655812FFB3B33EFD338F0C2 /* NetworkResult.swift */; };
		9E1130891C97D8F4786070CA5F865527 /* Pods_Toonie.framework in Frameworks */ = {isa = PBXBuildFile; fileRef = 117585FB9F8E77DCB04082EAF82AE342 /* Pods_Toonie.framework */; };
		A328A80E54A3A417D3EA56767B1FDFDA /* Pods_ToonieTests.framework in Frameworks */ = {isa = PBXBuildFile; fileRef = 82AF128897992796FF6ED25B199B0530 /* Pods_ToonieTests.framework */; };
		FB45278EDB2A30D96C6A86FE7615DB1C /* RecentCollectionViewCell.swift in Sources */ = {isa = PBXBuildFile; fileRef = AE103DAB3F381AA2D9D28295093EC833 /* RecentCollectionViewCell.swift */; };
		B854DBCEF4394512A8FDCA7112E02449 /* RecommendCollectionViewCell.swift in Sources */ = {isa = PBXBuildFile; fileRef = 2735F9AA478C996EA53B9BDD885BA872 /* RecommendCollectionViewCell.swift */; };
		9DB4FBA4627CB67F03A18B9E44D17331 /* RecommendCollectionViewCell.xib in Resources */ = {isa = PBXBuildFile; fileRef = 4800017F5B8EB3DC084B9A3BB6696FA6 /* RecommendCollectionViewCell.xib */; };
		77DFEEC3F834987C608C094E550766FB /* RecommendTableViewCell.swift in Sources */ = {isa = PBXBuildFile; fileRef = B51EF193D9A44F9817A9B5B3AEBC43AE /* RecommendTableViewCell.swift */; };
		20F97B5303210BE76821322E74DB2E06 /* RecommendTableViewCell.xib in Resources */ = {isa = PBXBuildFile; fileRef = 4E22D81A0236792AB18413B19EB049C0 /* RecommendTableViewCell.xib */; };
		C9F039313240324B71BBAD4F82FCCB07 /* RecommendViewController.swift in Sources */ = {isa = PBXBuildFile; fileRef = 5D25B6972A3D1C2D3D33BE328E777FD1 /* RecommendViewController.swift */; };
		F54FBDD196921F5FD9F19DA13532E4B4 /* Requestable.swift in Sources */ = {isa = PBXBuildFile; fileRef = 1BB829FE322F8264B72AB0274CADDF73 /* Requestable.swift */; };
		59DC911132F9BC28B93C080532754291 /* Service.swift in Sources */ = {isa = PBXBuildFile; fileRef = E77F87BE135895958125A6FCF9D1F03D /* Service.swift */; };
		EA3F62E1C0F071466575AAE9D9B1A47D /* SplashViewController.swift in Sources */ = {isa = PBXBuildFile; fileRef = D181587B82E1BF344A7F8A87649CE2A5 /* SplashViewController.swift */; };
		DAC921890617B9E247AE4070E1856EE9 /* String+.swift in Sources */ = {isa = PBXBuildFile; fileRef = C5DC0E80B292187D81A2395BE3B5153F /* String+.swift */; };
		4AE025D2C380F51BB508CE678B09CB78 /* TagCollectionViewCell.swift in Sources */ = {isa = PBXBuildFile; fileRef = 3671FD5527EB6A77347C274B14DB174B /* TagCollectionViewCell.swift */; };
		3034A2E2BB683EEC325651DE0640531F /* Token.swift in Sources */ = {isa = PBXBuildFile; fileRef = 54D7B3C93924E717E972244714BBC3C6 /* Token.swift */; };
		36427608866E2D2017F75155121C1AA4 /* ToonList.swift in Sources */ = {isa = PBXBuildFile; fileRef = 6675859F5A2DC4AFF139EF99E615C0F7 /* ToonList.swift */; };
		8E054D502505DD4C352EBE089DEAAB99 /* ToonListService.swift in Sources */ = {isa = PBXBuildFile; fileRef = 86B3A5B59385F4AFAE3CC051454EBFE5 /* ToonListService.swift */; };
		CDD94A58C361838A6501853F54312E0A /* ToonWebViewController.swift in Sources */ = {isa = PBXBuildFile; fileRef = A28B02ED5A86318713752322D6A15E13 /* ToonWebViewController.swift */; };
		0957B41AD138D0A49135F214132A015A /* ToonieTests.swift in Sources */ = {isa = PBXBuildFile; fileRef = E8BEF0670CA0E9737AC0D8BB4C759F3D /* ToonieTests.swift */; };
		012280A5A53D6963330DB1D8B9DC3C68 /* UIAlertController+.swift in Sources */ = {isa = PBXBuildFile; fileRef = A6DA6955EDA11550288B07A43296B653 /* UIAlertController+.swift */; };
		BD6A4E5D4CF8929196A01E3D1E55C9F4 /* UIFont+.swift in Sources */ = {isa = PBXBuildFile; fileRef = 852B4E73537A6A1DA88E2A6D9DCCCBB0 /* UIFont+.swift */; };
		BBF3D671ABB1FA62C12A76D6A4CA52CE /* UIView+.swift in Sources */ = {isa = PBXBuildFile; fileRef = 3EB68F163875F9F1F23D628BB5BB2372 /* UIView+.swift */; };
		FF0CB358B72DD3162E223F5DEB7D2A94 /* UIViewController+.swift in Sources */ = {isa = PBXBuildFile; fileRef = 858BE106FDE6184D77010506B5097F1A /* UIViewController+.swift */; };
		16B5F805D0B84D4BAE707BAAED697F08 /* giphy.gif in Resources */ = {isa = PBXBuildFile; fileRef = D8E1AD8B779448DA04C464E96AECF285 /* giphy.gif */; };
		FA6A0300E24AEEA193156198DE17CAD1 /* logoAnimation.json in Resources */ = {isa = PBXBuildFile; fileRef = 383B68A47C2E2D073A82CF40AF75019D /* logoAnimation.json */; };
		2E7EAAD475E98814E7AFE2629614E5F5 /* logoAnimation_0.png in Resources */ = {isa = PBXBuildFile; fileRef = B30F7F8BC0F68EC6C1F8E6A60BA9FADC /* logoAnimation_0.png */; };
		30B1E31C70F6D6D2CE6A3676CAD5801C /* logoAnimation_1.png in Resources */ = {isa = PBXBuildFile; fileRef = 5C19FD6AF47DEEA5907B489F176EF4D7 /* logoAnimation_1.png */; };
		F16954AD6FDF77018EAA5F2E2C521301 /* logoAnimation_2.png in Resources */ = {isa = PBXBuildFile; fileRef = 6F50A4F1E24E6F51CE6A972CB48E6887 /* logoAnimation_2.png */; };
		E472794302A972ABA569127DE5A95147 /* logoAnimation_3.png in Resources */ = {isa = PBXBuildFile; fileRef = 867038EB849449F75364CC44CCEAA5C3 /* logoAnimation_3.png */; };
		6EF437CCE92DBF844F32D859B26A56E8 /* logoAnimation_4.png in Resources */ = {isa = PBXBuildFile; fileRef = 48907178040DAEF24AD911C4D3DCCC17 /* logoAnimation_4.png */; };
		2F1F9A4D0EFB45023F9CD1B834B084A4 /* logoAnimation_5.png in Resources */ = {isa = PBXBuildFile; fileRef = E97E52D2F1D51780A9DF8DFDB642EA4B /* logoAnimation_5.png */; };
		53E73D8950182E8DD26636EFA6F06A74 /* logoAnimation_6.png in Resources */ = {isa = PBXBuildFile; fileRef = CD3F448B196484D1CBCE17A7DF1646EF /* logoAnimation_6.png */; };
		A5137D001B4001A2183D0FB8A7873958 /* logoAnimation_7.png in Resources */ = {isa = PBXBuildFile; fileRef = C0C3160A8F2E10ED3113238FF01649F1 /* logoAnimation_7.png */; };
		42C9F1D0BE9554E33B9D52C08E676107 /* tag.json in Resources */ = {isa = PBXBuildFile; fileRef = CB4CC3F62E900540AB7D0805DE646065 /* tag.json */; };
/* End PBXBuildFile section */

/* Begin PBXContainerItemProxy section */
		A7A7E1C4E7B4E70621F251BC0926A728 /* PBXContainerItemProxy */ = {
			isa = PBXContainerItemProxy;
			containerPortal = 6F584EBA5C29F3C756C4DEE7B94A2FA7 /* Project object */;
			proxyType = 1;
			remoteGlobalIDString = 95BDF1BEF5288564E511594C77D7AF38;
			remoteInfo = Toonie;
		};
/* End PBXContainerItemProxy section */

/* Begin PBXFileReference section */
		9C85D8F090D4E9C332080D997CFF19EE /* .swiftlint.yml */ = {isa = PBXFileReference; lastKnownFileType = text; path = .swiftlint.yml; sourceTree = "<group>"; };
		91A6C0BF687FEF975FCB0157ADE62331 /* API+Base.swift */ = {isa = PBXFileReference; fileEncoding = 4; lastKnownFileType = sourcecode.swift; path = "API+Base.swift"; sourceTree = "<group>"; };
		9D1CD535025B6DABF4C00C418598FECA /* AddToonCollectionViewCell.swift */ = {isa = PBXFileReference; lastKnownFileType = sourcecode.swift; path = AddToonCollectionViewCell.swift; sourceTree = "<group>"; };
		FB9A591D7D5CB7C82D47E5C4194E108F /* AddToonViewController.swift */ = {isa = PBXFileReference; lastKnownFileType = sourcecode.swift; path = AddToonViewController.swift; sourceTree = "<group>"; };
		0983BCBA1C869D8FA91A7719C7D244E3 /* AppDelegate.swift */ = {isa = PBXFileReference; lastKnownFileType = sourcecode.swift; path = AppDelegate.swift; sourceTree = "<group>"; };
		80C2C41933AFF35CEA1787DF94DFAF18 /* Assets.xcassets */ = {isa = PBXFileReference; lastKnownFileType = folder.assetcatalog; path = Assets.xcassets; sourceTree = "<group>"; };
		CB66083F3ABEA7C967799226FCA1E83F /* Base */ = {isa = PBXFileReference; lastKnownFileType = file.storyboard; name = Base; path = Base.lproj/Main.storyboard; sourceTree = "<group>"; };
		D96ADF5E22F9048B9EE1FA43C04A076F /* Base */ = {isa = PBXFileReference; lastKnownFileType = file.storyboard; name = Base; path = Base.lproj/LaunchScreen.storyboard; sourceTree = "<group>"; };
		02A77C9F89A069C22EF59EBA5C5E17A8 /* CALayer+.swift */ = {isa = PBXFileReference; lastKnownFileType = sourcecode.swift; path = "CALayer+.swift"; sourceTree = "<group>"; };
		391E18129E3FD4CA97AD73AFBEA5D5A5 /* CommonUtility.swift */ = {isa = PBXFileReference; fileEncoding = 4; lastKnownFileType = sourcecode.swift; path = CommonUtility.swift; sourceTree = "<group>"; };
		013B051389A91973028316A3E576E272 /* Detail.storyboard */ = {isa = PBXFileReference; lastKnownFileType = file.storyboard; path = Detail.storyboard; sourceTree = "<group>"; };
		E4C42DB5B38C27C2E993254790693BDF /* DetailViewController.swift */ = {isa = PBXFileReference; lastKnownFileType = sourcecode.swift; path = DetailViewController.swift; sourceTree = "<group>"; };
		6181A5BE3CAF62901728B8DEC5745044 /* FavoriteCollectionViewCell.swift */ = {isa = PBXFileReference; lastKnownFileType = sourcecode.swift; path = FavoriteCollectionViewCell.swift; sourceTree = "<group>"; };
		482A114E8A6A879454C3CB47C1BA9443 /* Feed.storyboard */ = {isa = PBXFileReference; lastKnownFileType = file.storyboard; path = Feed.storyboard; sourceTree = "<group>"; };
		D7BD45CDB0C7E1A8A0FE2DB9C0C25B75 /* FeedViewController.swift */ = {isa = PBXFileReference; lastKnownFileType = sourcecode.swift; path = FeedViewController.swift; sourceTree = "<group>"; };
		C3C59DFBC67BAFC0446C4ACC3CD30166 /* ForYouCollectionViewCell.swift */ = {isa = PBXFileReference; lastKnownFileType = sourcecode.swift; path = ForYouCollectionViewCell.swift; sourceTree = "<group>"; };
		1FDCAA09CFF5C8C7AA1BC8E5B1E86DE0 /* GestureViewController.swift */ = {isa = PBXFileReference; lastKnownFileType = sourcecode.swift; path = GestureViewController.swift; sourceTree = "<group>"; };
		8D67243EE4C5277CA9E639E1FD1E0E03 /* Info.plist */ = {isa = PBXFileReference; lastKnownFileType = text.plist.xml; path = Info.plist; sourceTree = "<group>"; };
		EA8D35008BD513F538F5DE5377E835EF /* Info.plist */ = {isa = PBXFileReference; lastKnownFileType = text.plist.xml; path = Info.plist; sourceTree = "<group>"; };
		20EDEEDFB2A92FFAA9328EB4B2086305 /* KeywordCell.swift */ = {isa = PBXFileReference; fileEncoding = 4; lastKnownFileType = sourcecode.swift; path = KeywordCell.swift; sourceTree = "<group>"; };
		7369E794AEA4E0B7187CBD9AE26AFB2E /* KeywordSelectViewController.swift */ = {isa = PBXFileReference; fileEncoding = 4; lastKnownFileType = sourcecode.swift; path = KeywordSelectViewController.swift; sourceTree = "<group>"; };
		9222FD8324DC3A507BC365062CF19A15 /* Keywords.swift */ = {isa = PBXFileReference; fileEncoding = 4; lastKnownFileType = sourcecode.swift; path = Keywords.swift; sourceTree = "<group>"; };
		917CB174956FF8ACDAD03E1840E2F0EF /* Look.storyboard */ = {isa = PBXFileReference; fileEncoding = 4; lastKnownFileType = file.storyboard; path = Look.storyboard; sourceTree = "<group>"; };
		4744A64E19261259A0F1C0E591CA994C /* LookCell.swift */ = {isa = PBXFileReference; fileEncoding = 4; lastKnownFileType = sourcecode.swift; path = LookCell.swift; sourceTree = "<group>"; };
		0B7CDE333D6323D773871D9BCC1A06DC /* LookDetailCell.swift */ = {isa = PBXFileReference; fileEncoding = 4; lastKnownFileType = sourcecode.swift; path = LookDetailCell.swift; sourceTree = "<group>"; };
		91E75075564D7BB6E508966769F1AAA2 /* LookDetailTopSelectCell.swift */ = {isa = PBXFileReference; fileEncoding = 4; lastKnownFileType = sourcecode.swift; path = LookDetailTopSelectCell.swift; sourceTree = "<group>"; };
		7CBEE6ADE2B72B6EC73732F7D7CCC695 /* LookDetailTopSelectViewController.swift */ = {isa = PBXFileReference; fileEncoding = 4; lastKnownFileType = sourcecode.swift; path = LookDetailTopSelectViewController.swift; sourceTree = "<group>"; };
		6F343144572D8198223CA340DABE3AAA /* LookDetailViewController.swift */ = {isa = PBXFileReference; fileEncoding = 4; lastKnownFileType = sourcecode.swift; path = LookDetailViewController.swift; sourceTree = "<group>"; };
		1F86D8B1CA39FC8055C8747A6AFC2D06 /* LookViewController.swift */ = {isa = PBXFileReference; fileEncoding = 4; lastKnownFileType = sourcecode.swift; path = LookViewController.swift; sourceTree = "<group>"; };
		856BC1EDA73CD692E351511F4D51271A /* MainViewController.swift */ = {isa = PBXFileReference; lastKnownFileType = sourcecode.swift; path = MainViewController.swift; sourceTree = "<group>"; };
		D3125924F713389768C519A65A96B6BD /* ModifyCollectionViewCell.swift */ = {isa = PBXFileReference; lastKnownFileType = sourcecode.swift; path = ModifyCollectionViewCell.swift; sourceTree = "<group>"; };
		AE992C2BC0145A3DE2C63EABD876C25A /* ModifyViewController.swift */ = {isa = PBXFileReference; lastKnownFileType = sourcecode.swift; path = ModifyViewController.swift; sourceTree = "<group>"; };
		3410CCB8DC07905AB283969582125522 /* MyPage.storyboard */ = {isa = PBXFileReference; lastKnownFileType = file.storyboard; path = MyPage.storyboard; sourceTree = "<group>"; };
		520E0A35F56B2B546835C7C60E855EEE /* MyPage.swift */ = {isa = PBXFileReference; lastKnownFileType = sourcecode.swift; path = MyPage.swift; sourceTree = "<group>"; };
		6E8B3DA35B3E46B50EE7A39520EC52E8 /* MypageCollectionViewCell.swift */ = {isa = PBXFileReference; lastKnownFileType = sourcecode.swift; path = MypageCollectionViewCell.swift; sourceTree = "<group>"; };
		A1B82C2D21CD592476C6DAF09221B684 /* MypageDetailCollectionViewCell.swift */ = {isa = PBXFileReference; lastKnownFileType = sourcecode.swift; path = MypageDetailCollectionViewCell.swift; sourceTree = "<group>"; };
		38F9DAAFFAAAED602CB2AD1BE69ECCB8 /* MypageDetailViewController.swift */ = {isa = PBXFileReference; lastKnownFileType = sourcecode.swift; path = MypageDetailViewController.swift; sourceTree = "<group>"; };
		08FD1C2458DC9209D8977C9EF4E5C6F6 /* MypagePopUpViewController.swift */ = {isa = PBXFileReference; lastKnownFileType = sourcecode.swift; path = MypagePopUpViewController.swift; sourceTree = "<group>"; };
		D5347DA29C97A840A7ACA03D8A5719C2 /* MypageViewController.swift */ = {isa = PBXFileReference; lastKnownFileType = sourcecode.swift; path = MypageViewController.swift; sourceTree = "<group>"; };
		5BBD6D273655812FFB3B33EFD338F0C2 /* NetworkResult.swift */ = {isa = PBXFileReference; fileEncoding = 4; lastKnownFileType = sourcecode.swift; path = NetworkResult.swift; sourceTree = "<group>"; };
		46461D78EB2754C9A17D4352D5F97AC7 /* Pods-Toonie.debug.xcconfig */ = {isa = PBXFileReference; includeInIndex = 1; lastKnownFileType = text.xcconfig; name = "Pods-Toonie.debug.xcconfig"; path = "Pods/Target Support Files/Pods-Toonie/Pods-Toonie.debug.xcconfig"; sourceTree = "<group>"; };
		300FB960FFEE2976C603D16E5DC4B10B /* Pods-Toonie.release.xcconfig */ = {isa = PBXFileReference; includeInIndex = 1; lastKnownFileType = text.xcconfig; name = "Pods-Toonie.release.xcconfig"; path = "Pods/Target Support Files/Pods-Toonie/Pods-Toonie.release.xcconfig"; sourceTree = "<group>"; };
		F9FED2BB74D689EF6B88421CC1B8579D /* Pods-ToonieTests.debug.xcconfig */ = {isa = PBXFileReference; includeInIndex = 1; lastKnownFileType = text.xcconfig; name = "Pods-ToonieTests.debug.xcconfig"; path = "Pods/Target Support Files/Pods-ToonieTests/Pods-ToonieTests.debug.xcconfig"; sourceTree = "<group>"; };
		630481886041EA402305CF71D731B02B /* Pods-ToonieTests.release.xcconfig */ = {isa = PBXFileReference; includeInIndex = 1; lastKnownFileType = text.xcconfig; name = "Pods-ToonieTests.release.xcconfig"; path = "Pods/Target Support Files/Pods-ToonieTests/Pods-ToonieTests.release.xcconfig"; sourceTree = "<group>"; };
		117585FB9F8E77DCB04082EAF82AE342 /* Pods_Toonie.framework */ = {isa = PBXFileReference; explicitFileType = wrapper.framework; includeInIndex = 0; path = Pods_Toonie.framework; sourceTree = BUILT_PRODUCTS_DIR; };
		82AF128897992796FF6ED25B199B0530 /* Pods_ToonieTests.framework */ = {isa = PBXFileReference; explicitFileType = wrapper.framework; includeInIndex = 0; path = Pods_ToonieTests.framework; sourceTree = BUILT_PRODUCTS_DIR; };
		AE103DAB3F381AA2D9D28295093EC833 /* RecentCollectionViewCell.swift */ = {isa = PBXFileReference; lastKnownFileType = sourcecode.swift; path = RecentCollectionViewCell.swift; sourceTree = "<group>"; };
		2735F9AA478C996EA53B9BDD885BA872 /* RecommendCollectionViewCell.swift */ = {isa = PBXFileReference; fileEncoding = 4; lastKnownFileType = sourcecode.swift; path = RecommendCollectionViewCell.swift; sourceTree = "<group>"; };
		4800017F5B8EB3DC084B9A3BB6696FA6 /* RecommendCollectionViewCell.xib */ = {isa = PBXFileReference; fileEncoding = 4; lastKnownFileType = file.xib; path = RecommendCollectionViewCell.xib; sourceTree = "<group>"; };
		B51EF193D9A44F9817A9B5B3AEBC43AE /* RecommendTableViewCell.swift */ = {isa = PBXFileReference; fileEncoding = 4; lastKnownFileType = sourcecode.swift; path = RecommendTableViewCell.swift; sourceTree = "<group>"; };
		4E22D81A0236792AB18413B19EB049C0 /* RecommendTableViewCell.xib */ = {isa = PBXFileReference; fileEncoding = 4; lastKnownFileType = file.xib; path = RecommendTableViewCell.xib; sourceTree = "<group>"; };
		5D25B6972A3D1C2D3D33BE328E777FD1 /* RecommendViewController.swift */ = {isa = PBXFileReference; fileEncoding = 4; lastKnownFileType = sourcecode.swift; path = RecommendViewController.swift; sourceTree = "<group>"; };
		1BB829FE322F8264B72AB0274CADDF73 /* Requestable.swift */ = {isa = PBXFileReference; fileEncoding = 4; lastKnownFileType = sourcecode.swift; path = Requestable.swift; sourceTree = "<group>"; };
		E77F87BE135895958125A6FCF9D1F03D /* Service.swift */ = {isa = PBXFileReference; fileEncoding = 4; lastKnownFileType = sourcecode.swift; path = Service.swift; sourceTree = "<group>"; };
		D181587B82E1BF344A7F8A87649CE2A5 /* SplashViewController.swift */ = {isa = PBXFileReference; fileEncoding = 4; lastKnownFileType = sourcecode.swift; path = SplashViewController.swift; sourceTree = "<group>"; };
		C5DC0E80B292187D81A2395BE3B5153F /* String+.swift */ = {isa = PBXFileReference; lastKnownFileType = sourcecode.swift; path = "String+.swift"; sourceTree = "<group>"; };
		3671FD5527EB6A77347C274B14DB174B /* TagCollectionViewCell.swift */ = {isa = PBXFileReference; lastKnownFileType = sourcecode.swift; path = TagCollectionViewCell.swift; sourceTree = "<group>"; };
		54D7B3C93924E717E972244714BBC3C6 /* Token.swift */ = {isa = PBXFileReference; fileEncoding = 4; lastKnownFileType = sourcecode.swift; path = Token.swift; sourceTree = "<group>"; };
		6675859F5A2DC4AFF139EF99E615C0F7 /* ToonList.swift */ = {isa = PBXFileReference; lastKnownFileType = sourcecode.swift; path = ToonList.swift; sourceTree = "<group>"; };
		86B3A5B59385F4AFAE3CC051454EBFE5 /* ToonListService.swift */ = {isa = PBXFileReference; lastKnownFileType = sourcecode.swift; path = ToonListService.swift; sourceTree = "<group>"; };
		A28B02ED5A86318713752322D6A15E13 /* ToonWebViewController.swift */ = {isa = PBXFileReference; lastKnownFileType = sourcecode.swift; path = ToonWebViewController.swift; sourceTree = "<group>"; };
		E5B5664A67B748CC79409D5ABB761F80 /* Toonie.app */ = {isa = PBXFileReference; explicitFileType = wrapper.application; includeInIndex = 0; path = Toonie.app; sourceTree = BUILT_PRODUCTS_DIR; };
		E8BEF0670CA0E9737AC0D8BB4C759F3D /* ToonieTests.swift */ = {isa = PBXFileReference; lastKnownFileType = sourcecode.swift; path = ToonieTests.swift; sourceTree = "<group>"; };
		D32B5ACD1A82F7A257245C24D4210ADC /* ToonieTests.xctest */ = {isa = PBXFileReference; explicitFileType = wrapper.cfbundle; includeInIndex = 0; path = ToonieTests.xctest; sourceTree = BUILT_PRODUCTS_DIR; };
		A6DA6955EDA11550288B07A43296B653 /* UIAlertController+.swift */ = {isa = PBXFileReference; lastKnownFileType = sourcecode.swift; path = "UIAlertController+.swift"; sourceTree = "<group>"; };
		852B4E73537A6A1DA88E2A6D9DCCCBB0 /* UIFont+.swift */ = {isa = PBXFileReference; lastKnownFileType = sourcecode.swift; path = "UIFont+.swift"; sourceTree = "<group>"; };
		3EB68F163875F9F1F23D628BB5BB2372 /* UIView+.swift */ = {isa = PBXFileReference; lastKnownFileType = sourcecode.swift; path = "UIView+.swift"; sourceTree = "<group>"; };
		858BE106FDE6184D77010506B5097F1A /* UIViewController+.swift */ = {isa = PBXFileReference; lastKnownFileType = sourcecode.swift; path = "UIViewController+.swift"; sourceTree = "<group>"; };
		D8E1AD8B779448DA04C464E96AECF285 /* giphy.gif */ = {isa = PBXFileReference; lastKnownFileType = image.gif; name = giphy.gif; path = "toonie/Supporting Files/giphy.gif"; sourceTree = SOURCE_ROOT; };
		383B68A47C2E2D073A82CF40AF75019D /* logoAnimation.json */ = {isa = PBXFileReference; fileEncoding = 4; lastKnownFileType = text.json; path = logoAnimation.json; sourceTree = "<group>"; };
		B30F7F8BC0F68EC6C1F8E6A60BA9FADC /* logoAnimation_0.png */ = {isa = PBXFileReference; lastKnownFileType = image.png; path = logoAnimation_0.png; sourceTree = "<group>"; };
		5C19FD6AF47DEEA5907B489F176EF4D7 /* logoAnimation_1.png */ = {isa = PBXFileReference; lastKnownFileType = image.png; path = logoAnimation_1.png; sourceTree = "<group>"; };
		6F50A4F1E24E6F51CE6A972CB48E6887 /* logoAnimation_2.png */ = {isa = PBXFileReference; lastKnownFileType = image.png; path = logoAnimation_2.png; sourceTree = "<group>"; };
		867038EB849449F75364CC44CCEAA5C3 /* logoAnimation_3.png */ = {isa = PBXFileReference; lastKnownFileType = image.png; path = logoAnimation_3.png; sourceTree = "<group>"; };
		48907178040DAEF24AD911C4D3DCCC17 /* logoAnimation_4.png */ = {isa = PBXFileReference; lastKnownFileType = image.png; path = logoAnimation_4.png; sourceTree = "<group>"; };
		E97E52D2F1D51780A9DF8DFDB642EA4B /* logoAnimation_5.png */ = {isa = PBXFileReference; lastKnownFileType = image.png; path = logoAnimation_5.png; sourceTree = "<group>"; };
		CD3F448B196484D1CBCE17A7DF1646EF /* logoAnimation_6.png */ = {isa = PBXFileReference; lastKnownFileType = image.png; path = logoAnimation_6.png; sourceTree = "<group>"; };
		C0C3160A8F2E10ED3113238FF01649F1 /* logoAnimation_7.png */ = {isa = PBXFileReference; lastKnownFileType = image.png; path = logoAnimation_7.png; sourceTree = "<group>"; };
		CB4CC3F62E900540AB7D0805DE646065 /* tag.json */ = {isa = PBXFileReference; fileEncoding = 4; lastKnownFileType = text.json; path = tag.json; sourceTree = "<group>"; };
/* End PBXFileReference section */

/* Begin PBXFrameworksBuildPhase section */
		6D90D75656461EB0B098A4F8F5E7B4D8 /* Frameworks */ = {
			isa = PBXFrameworksBuildPhase;
			buildActionMask = 2147483647;
			files = (
				A328A80E54A3A417D3EA56767B1FDFDA /* Pods_ToonieTests.framework in Frameworks */,
			);
			runOnlyForDeploymentPostprocessing = 0;
		};
		CE5F455DCBC4B8425D238EF8FF886C7F /* Frameworks */ = {
			isa = PBXFrameworksBuildPhase;
			buildActionMask = 2147483647;
			files = (
				9E1130891C97D8F4786070CA5F865527 /* Pods_Toonie.framework in Frameworks */,
			);
			runOnlyForDeploymentPostprocessing = 0;
		};
/* End PBXFrameworksBuildPhase section */

/* Begin PBXGroup section */
		1B2372F1A689B45DBFF61F1D6FBC45BE /* Controller */ = {
			isa = PBXGroup;
			children = (
				E4C42DB5B38C27C2E993254790693BDF /* DetailViewController.swift */,
				A28B02ED5A86318713752322D6A15E13 /* ToonWebViewController.swift */,
			);
			path = Controller;
			sourceTree = "<group>";
		};
		732C7D1EFCE62ECA3841AD774047133C /* Model */ = {
			isa = PBXGroup;
			children = (
				9222FD8324DC3A507BC365062CF19A15 /* Keywords.swift */,
				54D7B3C93924E717E972244714BBC3C6 /* Token.swift */,
				6675859F5A2DC4AFF139EF99E615C0F7 /* ToonList.swift */,
			);
			path = Model;
			sourceTree = "<group>";
		};
		1E5EEACC73F0B2067BEA386D942B1580 /* MyPage */ = {
			isa = PBXGroup;
			children = (
				7590BA9252DA09D8473EF57E59E92B30 /* Controllers */,
				83207B8742C5908C6F0FFB837A6B7ABC /* Views */,
				520E0A35F56B2B546835C7C60E855EEE /* MyPage.swift */,
			);
			path = MyPage;
			sourceTree = "<group>";
		};
		1F8C6970B656CEC5B74B47920EE95F11 /* View */ = {
			isa = PBXGroup;
			children = (
				013B051389A91973028316A3E576E272 /* Detail.storyboard */,
			);
			path = View;
			sourceTree = "<group>";
		};
		2007EB62D1BF067B2746E732A053B791 /* Detail */ = {
			isa = PBXGroup;
			children = (
				1B2372F1A689B45DBFF61F1D6FBC45BE /* Controller */,
				1F8C6970B656CEC5B74B47920EE95F11 /* View */,
			);
			path = Detail;
			sourceTree = "<group>";
		};
		262BC765159E6BB88A72DE819C145C06 = {
			isa = PBXGroup;
			children = (
				2A7D018F4F821AC997F707D66FF1AAE8 /* Frameworks */,
				51483B2FA5A46C3D0289677EDBBA0457 /* Pods */,
				86B4A08A75551E8A7BBF979B5EAB3D51 /* Products */,
				50DD12AB546601FDF26E6690643AA25F /* Toonie */,
				D7EB0356146547BFA7F3C37A1D559F26 /* ToonieTests */,
				9C85D8F090D4E9C332080D997CFF19EE /* .swiftlint.yml */,
			);
			sourceTree = "<group>";
		};
		27B8AA7F074F516D27CE1E5F0928633C /* LookViewController */ = {
			isa = PBXGroup;
			children = (
				4744A64E19261259A0F1C0E591CA994C /* LookCell.swift */,
				1F86D8B1CA39FC8055C8747A6AFC2D06 /* LookViewController.swift */,
			);
			path = LookViewController;
			sourceTree = "<group>";
		};
		2A7D018F4F821AC997F707D66FF1AAE8 /* Frameworks */ = {
			isa = PBXGroup;
			children = (
				117585FB9F8E77DCB04082EAF82AE342 /* Pods_Toonie.framework */,
				82AF128897992796FF6ED25B199B0530 /* Pods_ToonieTests.framework */,
			);
			name = Frameworks;
			sourceTree = "<group>";
		};
		414AA16A17FA9CB441302E34F55FEEBC /* LookDetailViewController */ = {
			isa = PBXGroup;
			children = (
				0B7CDE333D6323D773871D9BCC1A06DC /* LookDetailCell.swift */,
				91E75075564D7BB6E508966769F1AAA2 /* LookDetailTopSelectCell.swift */,
				7CBEE6ADE2B72B6EC73732F7D7CCC695 /* LookDetailTopSelectViewController.swift */,
				6F343144572D8198223CA340DABE3AAA /* LookDetailViewController.swift */,
			);
			path = LookDetailViewController;
			sourceTree = "<group>";
		};
		50DD12AB546601FDF26E6690643AA25F /* Toonie */ = {
			isa = PBXGroup;
			children = (
				C7DFDA89338BAF088BD7F2A52AD01E07 /* Common */,
				2007EB62D1BF067B2746E732A053B791 /* Detail */,
				7836618FE7A43F2F101ED61B0304A6AB /* Extension */,
				9A660BF0B161BD3FED30F6BE9A419D40 /* Feed */,
				A42B09D03F50BAE4E7265D38A45A6172 /* Look */,
				D8D2A1521954015D498AF0547AAA624C /* Main */,
				1E5EEACC73F0B2067BEA386D942B1580 /* MyPage */,
				EC299C6919C75B87B4DFEFC50617687E /* Network */,
				9E6F725ABBD0B87936DB74FB0EFBAEEE /* Splash */,
				E9E1A4A921F35FE4AF2DC69238B3FBED /* Supporting Files */,
				EA8D35008BD513F538F5DE5377E835EF /* Info.plist */,
			);
			path = Toonie;
			sourceTree = "<group>";
		};
		51483B2FA5A46C3D0289677EDBBA0457 /* Pods */ = {
			isa = PBXGroup;
			children = (
				46461D78EB2754C9A17D4352D5F97AC7 /* Pods-Toonie.debug.xcconfig */,
				300FB960FFEE2976C603D16E5DC4B10B /* Pods-Toonie.release.xcconfig */,
				F9FED2BB74D689EF6B88421CC1B8579D /* Pods-ToonieTests.debug.xcconfig */,
				630481886041EA402305CF71D731B02B /* Pods-ToonieTests.release.xcconfig */,
			);
			name = Pods;
			sourceTree = "<group>";
		};
		6D0496EB9B90DA93F3F2DA608E9FEFC1 /* logoAnimation.json */ = {
			isa = PBXGroup;
			children = (
				383B68A47C2E2D073A82CF40AF75019D /* logoAnimation.json */,
				B30F7F8BC0F68EC6C1F8E6A60BA9FADC /* logoAnimation_0.png */,
				5C19FD6AF47DEEA5907B489F176EF4D7 /* logoAnimation_1.png */,
				6F50A4F1E24E6F51CE6A972CB48E6887 /* logoAnimation_2.png */,
				867038EB849449F75364CC44CCEAA5C3 /* logoAnimation_3.png */,
				48907178040DAEF24AD911C4D3DCCC17 /* logoAnimation_4.png */,
				E97E52D2F1D51780A9DF8DFDB642EA4B /* logoAnimation_5.png */,
				CD3F448B196484D1CBCE17A7DF1646EF /* logoAnimation_6.png */,
				C0C3160A8F2E10ED3113238FF01649F1 /* logoAnimation_7.png */,
			);
			path = logoAnimation.json;
			sourceTree = "<group>";
		};
		7590BA9252DA09D8473EF57E59E92B30 /* Controllers */ = {
			isa = PBXGroup;
			children = (
				FB9A591D7D5CB7C82D47E5C4194E108F /* AddToonViewController.swift */,
				AE992C2BC0145A3DE2C63EABD876C25A /* ModifyViewController.swift */,
				38F9DAAFFAAAED602CB2AD1BE69ECCB8 /* MypageDetailViewController.swift */,
				08FD1C2458DC9209D8977C9EF4E5C6F6 /* MypagePopUpViewController.swift */,
				D5347DA29C97A840A7ACA03D8A5719C2 /* MypageViewController.swift */,
			);
			path = Controllers;
			sourceTree = "<group>";
		};
		7836618FE7A43F2F101ED61B0304A6AB /* Extension */ = {
			isa = PBXGroup;
			children = (
				02A77C9F89A069C22EF59EBA5C5E17A8 /* CALayer+.swift */,
				C5DC0E80B292187D81A2395BE3B5153F /* String+.swift */,
				A6DA6955EDA11550288B07A43296B653 /* UIAlertController+.swift */,
				852B4E73537A6A1DA88E2A6D9DCCCBB0 /* UIFont+.swift */,
				3EB68F163875F9F1F23D628BB5BB2372 /* UIView+.swift */,
				858BE106FDE6184D77010506B5097F1A /* UIViewController+.swift */,
			);
			path = Extension;
			sourceTree = "<group>";
		};
		83207B8742C5908C6F0FFB837A6B7ABC /* Views */ = {
			isa = PBXGroup;
			children = (
				9D1CD535025B6DABF4C00C418598FECA /* AddToonCollectionViewCell.swift */,
				D3125924F713389768C519A65A96B6BD /* ModifyCollectionViewCell.swift */,
				3410CCB8DC07905AB283969582125522 /* MyPage.storyboard */,
				6E8B3DA35B3E46B50EE7A39520EC52E8 /* MypageCollectionViewCell.swift */,
				A1B82C2D21CD592476C6DAF09221B684 /* MypageDetailCollectionViewCell.swift */,
			);
			path = Views;
			sourceTree = "<group>";
		};
		86B4A08A75551E8A7BBF979B5EAB3D51 /* Products */ = {
			isa = PBXGroup;
			children = (
				E5B5664A67B748CC79409D5ABB761F80 /* Toonie.app */,
				D32B5ACD1A82F7A257245C24D4210ADC /* ToonieTests.xctest */,
			);
			name = Products;
			sourceTree = "<group>";
		};
		9A660BF0B161BD3FED30F6BE9A419D40 /* Feed */ = {
			isa = PBXGroup;
			children = (
				C1D0C39FE48765A946888D2E109E9C40 /* Controller */,
				C9651579D747459DA1BB034802C857B6 /* RecommendView */,
				CE755C93F8532B0D791746C8B676D28B /* View */,
			);
			path = Feed;
			sourceTree = "<group>";
		};
		9E6F725ABBD0B87936DB74FB0EFBAEEE /* Splash */ = {
			isa = PBXGroup;
			children = (
				20EDEEDFB2A92FFAA9328EB4B2086305 /* KeywordCell.swift */,
				7369E794AEA4E0B7187CBD9AE26AFB2E /* KeywordSelectViewController.swift */,
				D181587B82E1BF344A7F8A87649CE2A5 /* SplashViewController.swift */,
				6D0496EB9B90DA93F3F2DA608E9FEFC1 /* logoAnimation.json */,
			);
			path = Splash;
			sourceTree = "<group>";
		};
		A42B09D03F50BAE4E7265D38A45A6172 /* Look */ = {
			isa = PBXGroup;
			children = (
				414AA16A17FA9CB441302E34F55FEEBC /* LookDetailViewController */,
				27B8AA7F074F516D27CE1E5F0928633C /* LookViewController */,
				917CB174956FF8ACDAD03E1840E2F0EF /* Look.storyboard */,
			);
			path = Look;
			sourceTree = "<group>";
		};
		C1D0C39FE48765A946888D2E109E9C40 /* Controller */ = {
			isa = PBXGroup;
			children = (
				D7BD45CDB0C7E1A8A0FE2DB9C0C25B75 /* FeedViewController.swift */,
				D79B36B02E3BE1C7354741667915DF34 /* tag.json */,
			);
			path = Controller;
			sourceTree = "<group>";
		};
		EC299C6919C75B87B4DFEFC50617687E /* Network */ = {
			isa = PBXGroup;
			children = (
				732C7D1EFCE62ECA3841AD774047133C /* Model */,
				877FCA25BE64FC5825B741ED98AE22E1 /* Service */,
				91A6C0BF687FEF975FCB0157ADE62331 /* API+Base.swift */,
				5BBD6D273655812FFB3B33EFD338F0C2 /* NetworkResult.swift */,
				1BB829FE322F8264B72AB0274CADDF73 /* Requestable.swift */,
			);
			path = Network;
			sourceTree = "<group>";
		};
		C7DFDA89338BAF088BD7F2A52AD01E07 /* Common */ = {
			isa = PBXGroup;
			children = (
				391E18129E3FD4CA97AD73AFBEA5D5A5 /* CommonUtility.swift */,
				1FDCAA09CFF5C8C7AA1BC8E5B1E86DE0 /* GestureViewController.swift */,
			);
			path = Common;
			sourceTree = "<group>";
		};
		C9651579D747459DA1BB034802C857B6 /* RecommendView */ = {
			isa = PBXGroup;
			children = (
				2735F9AA478C996EA53B9BDD885BA872 /* RecommendCollectionViewCell.swift */,
				4800017F5B8EB3DC084B9A3BB6696FA6 /* RecommendCollectionViewCell.xib */,
				B51EF193D9A44F9817A9B5B3AEBC43AE /* RecommendTableViewCell.swift */,
				4E22D81A0236792AB18413B19EB049C0 /* RecommendTableViewCell.xib */,
				5D25B6972A3D1C2D3D33BE328E777FD1 /* RecommendViewController.swift */,
				3671FD5527EB6A77347C274B14DB174B /* TagCollectionViewCell.swift */,
			);
			path = RecommendView;
			sourceTree = "<group>";
		};
		CE755C93F8532B0D791746C8B676D28B /* View */ = {
			isa = PBXGroup;
			children = (
				6181A5BE3CAF62901728B8DEC5745044 /* FavoriteCollectionViewCell.swift */,
				482A114E8A6A879454C3CB47C1BA9443 /* Feed.storyboard */,
				C3C59DFBC67BAFC0446C4ACC3CD30166 /* ForYouCollectionViewCell.swift */,
				AE103DAB3F381AA2D9D28295093EC833 /* RecentCollectionViewCell.swift */,
			);
			path = View;
			sourceTree = "<group>";
		};
		D79B36B02E3BE1C7354741667915DF34 /* tag.json */ = {
			isa = PBXGroup;
			children = (
				CB4CC3F62E900540AB7D0805DE646065 /* tag.json */,
			);
			path = tag.json;
			sourceTree = "<group>";
		};
		D7EB0356146547BFA7F3C37A1D559F26 /* ToonieTests */ = {
			isa = PBXGroup;
			children = (
				8D67243EE4C5277CA9E639E1FD1E0E03 /* Info.plist */,
				E8BEF0670CA0E9737AC0D8BB4C759F3D /* ToonieTests.swift */,
			);
			path = ToonieTests;
			sourceTree = "<group>";
		};
		D8D2A1521954015D498AF0547AAA624C /* Main */ = {
			isa = PBXGroup;
			children = (
				EA5DF823B0E683B7C42B1DAFAC7C1D6E /* Main.storyboard */,
				856BC1EDA73CD692E351511F4D51271A /* MainViewController.swift */,
			);
			path = Main;
			sourceTree = "<group>";
		};
		877FCA25BE64FC5825B741ED98AE22E1 /* Service */ = {
			isa = PBXGroup;
			children = (
				E77F87BE135895958125A6FCF9D1F03D /* Service.swift */,
				86B3A5B59385F4AFAE3CC051454EBFE5 /* ToonListService.swift */,
			);
			path = Service;
			sourceTree = "<group>";
		};
		E9E1A4A921F35FE4AF2DC69238B3FBED /* Supporting Files */ = {
			isa = PBXGroup;
			children = (
				0983BCBA1C869D8FA91A7719C7D244E3 /* AppDelegate.swift */,
				80C2C41933AFF35CEA1787DF94DFAF18 /* Assets.xcassets */,
				3B0C78D03E5A43CAFBDBB7ED8BE48B16 /* LaunchScreen.storyboard */,
				D8E1AD8B779448DA04C464E96AECF285 /* giphy.gif */,
			);
			path = "Supporting Files";
			sourceTree = "<group>";
		};
/* End PBXGroup section */

/* Begin PBXNativeTarget section */
		95BDF1BEF5288564E511594C77D7AF38 /* Toonie */ = {
			isa = PBXNativeTarget;
			buildConfigurationList = 1005CD2EABD7B937DC316161518995F5 /* Build configuration list for PBXNativeTarget "Toonie" */;
			buildPhases = (
				0A03A8E701D8806A7558B618CCC2B0D5 /* [CP] Check Pods Manifest.lock */,
				7B171198A32EB3EFBC3D890069B09B16 /* Sources */,
				CE5F455DCBC4B8425D238EF8FF886C7F /* Frameworks */,
				F6B7743005D9067ED5559530A50CE69C /* [CP] Embed Pods Frameworks */,
				177D19B0706A07426A4F6DC7872AF528 /* Resources */,
				130436991E1155E6C5F84FFA8B34B848 /* ShellScript */,
			);
			buildRules = (
			);
			dependencies = (
			);
			name = Toonie;
			productName = Toonie;
			productReference = E5B5664A67B748CC79409D5ABB761F80 /* Toonie.app */;
			productType = "com.apple.product-type.application";
		};
		A1C72FBDC68A91A4C52524BBDF2FBCF6 /* ToonieTests */ = {
			isa = PBXNativeTarget;
			buildConfigurationList = CEBF7D8AB227DC66E272F3979A2C90DB /* Build configuration list for PBXNativeTarget "ToonieTests" */;
			buildPhases = (
				4039ED9FF2DB05B090E76221D04E96A3 /* [CP] Check Pods Manifest.lock */,
				F143B5A3C419DA02745E94351D1DFCD6 /* Sources */,
				6D90D75656461EB0B098A4F8F5E7B4D8 /* Frameworks */,
				2DD072A8C01089DB5E9DD188FB890B7E /* Resources */,
			);
			buildRules = (
			);
			dependencies = (
				3571BF4CF9FE0F2ABAFD2B728E643F54 /* PBXTargetDependency */,
			);
			name = ToonieTests;
			productName = ToonieTests;
			productReference = D32B5ACD1A82F7A257245C24D4210ADC /* ToonieTests.xctest */;
			productType = "com.apple.product-type.bundle.unit-test";
		};
/* End PBXNativeTarget section */

/* Begin PBXProject section */
		6F584EBA5C29F3C756C4DEE7B94A2FA7 /* Project object */ = {
			isa = PBXProject;
			attributes = {
				LastSwiftUpdateCheck = 1010;
				LastUpgradeCheck = 1010;
				ORGANIZATIONNAME = Yapp;
				TargetAttributes = {
					95BDF1BEF5288564E511594C77D7AF38 = {
						CreatedOnToolsVersion = 10.1;
					};
					A1C72FBDC68A91A4C52524BBDF2FBCF6 = {
						CreatedOnToolsVersion = 10.1;
						TestTargetID = 95BDF1BEF5288564E511594C77D7AF38;
					};
				};
			};
			buildConfigurationList = CED07C3AC716963ABF5184C51C10497D /* Build configuration list for PBXProject "Toonie" */;
			compatibilityVersion = "Xcode 9.3";
			developmentRegion = en;
			hasScannedForEncodings = 0;
			knownRegions = (
				en,
				Base,
			);
			mainGroup = 262BC765159E6BB88A72DE819C145C06;
			productRefGroup = 86B4A08A75551E8A7BBF979B5EAB3D51 /* Products */;
			projectDirPath = "";
			projectRoot = "";
			targets = (
				95BDF1BEF5288564E511594C77D7AF38 /* Toonie */,
				A1C72FBDC68A91A4C52524BBDF2FBCF6 /* ToonieTests */,
			);
		};
/* End PBXProject section */

/* Begin PBXResourcesBuildPhase section */
		177D19B0706A07426A4F6DC7872AF528 /* Resources */ = {
			isa = PBXResourcesBuildPhase;
			buildActionMask = 2147483647;
			files = (
				3329D16EACF533982CBE706AE5A72FB7 /* .swiftlint.yml in Resources */,
				BB57D379599E229DE86C9F3A93FCBB0F /* Assets.xcassets in Resources */,
				5D7C2A319945FF57226321B488D96614 /* Detail.storyboard in Resources */,
				461C3F46EE79F602B9C6DC249B3A419C /* Feed.storyboard in Resources */,
				F6181CB59A1A2DF3317424DA3BADFE9F /* LaunchScreen.storyboard in Resources */,
				A1EEA867D16DF76FCAA9521EE5DEA370 /* Look.storyboard in Resources */,
				4FFEF2D3318AC791E3F9C6ECC7710F1B /* Main.storyboard in Resources */,
				DD198E2FFCBF428D3BB0345A1CB1F292 /* MyPage.storyboard in Resources */,
				9DB4FBA4627CB67F03A18B9E44D17331 /* RecommendCollectionViewCell.xib in Resources */,
				20F97B5303210BE76821322E74DB2E06 /* RecommendTableViewCell.xib in Resources */,
				16B5F805D0B84D4BAE707BAAED697F08 /* giphy.gif in Resources */,
				FA6A0300E24AEEA193156198DE17CAD1 /* logoAnimation.json in Resources */,
				2E7EAAD475E98814E7AFE2629614E5F5 /* logoAnimation_0.png in Resources */,
				30B1E31C70F6D6D2CE6A3676CAD5801C /* logoAnimation_1.png in Resources */,
				F16954AD6FDF77018EAA5F2E2C521301 /* logoAnimation_2.png in Resources */,
				E472794302A972ABA569127DE5A95147 /* logoAnimation_3.png in Resources */,
				6EF437CCE92DBF844F32D859B26A56E8 /* logoAnimation_4.png in Resources */,
				2F1F9A4D0EFB45023F9CD1B834B084A4 /* logoAnimation_5.png in Resources */,
				53E73D8950182E8DD26636EFA6F06A74 /* logoAnimation_6.png in Resources */,
				A5137D001B4001A2183D0FB8A7873958 /* logoAnimation_7.png in Resources */,
				42C9F1D0BE9554E33B9D52C08E676107 /* tag.json in Resources */,
			);
			runOnlyForDeploymentPostprocessing = 0;
		};
		2DD072A8C01089DB5E9DD188FB890B7E /* Resources */ = {
			isa = PBXResourcesBuildPhase;
			buildActionMask = 2147483647;
			files = (
			);
			runOnlyForDeploymentPostprocessing = 0;
		};
/* End PBXResourcesBuildPhase section */

/* Begin PBXShellScriptBuildPhase section */
		0A03A8E701D8806A7558B618CCC2B0D5 /* [CP] Check Pods Manifest.lock */ = {
			isa = PBXShellScriptBuildPhase;
			buildActionMask = 2147483647;
			files = (
			);
			inputFileListPaths = (
			);
			inputPaths = (
				"${PODS_PODFILE_DIR_PATH}/Podfile.lock",
				"${PODS_ROOT}/Manifest.lock",
			);
			name = "[CP] Check Pods Manifest.lock";
			outputFileListPaths = (
			);
			outputPaths = (
				"$(DERIVED_FILE_DIR)/Pods-Toonie-checkManifestLockResult.txt",
			);
			runOnlyForDeploymentPostprocessing = 0;
			shellPath = /bin/sh;
			shellScript = "diff \"${PODS_PODFILE_DIR_PATH}/Podfile.lock\" \"${PODS_ROOT}/Manifest.lock\" > /dev/null\nif [ $? != 0 ] ; then\n    # print error to STDERR\n    echo \"error: The sandbox is not in sync with the Podfile.lock. Run 'pod install' or update your CocoaPods installation.\" >&2\n    exit 1\nfi\n# This output is used by Xcode 'outputs' to avoid re-running this script phase.\necho \"SUCCESS\" > \"${SCRIPT_OUTPUT_FILE_0}\"\n";
			showEnvVarsInLog = 0;
		};
		130436991E1155E6C5F84FFA8B34B848 /* ShellScript */ = {
			isa = PBXShellScriptBuildPhase;
			buildActionMask = 2147483647;
			files = (
			);
			inputFileListPaths = (
			);
			inputPaths = (
			);
			outputFileListPaths = (
			);
			outputPaths = (
			);
			runOnlyForDeploymentPostprocessing = 0;
			shellPath = /bin/sh;
			shellScript = "${PODS_ROOT}/SwiftLint/swiftlint\n";
		};
		4039ED9FF2DB05B090E76221D04E96A3 /* [CP] Check Pods Manifest.lock */ = {
			isa = PBXShellScriptBuildPhase;
			buildActionMask = 2147483647;
			files = (
			);
			inputFileListPaths = (
			);
			inputPaths = (
				"${PODS_PODFILE_DIR_PATH}/Podfile.lock",
				"${PODS_ROOT}/Manifest.lock",
			);
			name = "[CP] Check Pods Manifest.lock";
			outputFileListPaths = (
			);
			outputPaths = (
				"$(DERIVED_FILE_DIR)/Pods-ToonieTests-checkManifestLockResult.txt",
			);
			runOnlyForDeploymentPostprocessing = 0;
			shellPath = /bin/sh;
			shellScript = "diff \"${PODS_PODFILE_DIR_PATH}/Podfile.lock\" \"${PODS_ROOT}/Manifest.lock\" > /dev/null\nif [ $? != 0 ] ; then\n    # print error to STDERR\n    echo \"error: The sandbox is not in sync with the Podfile.lock. Run 'pod install' or update your CocoaPods installation.\" >&2\n    exit 1\nfi\n# This output is used by Xcode 'outputs' to avoid re-running this script phase.\necho \"SUCCESS\" > \"${SCRIPT_OUTPUT_FILE_0}\"\n";
			showEnvVarsInLog = 0;
		};
		F6B7743005D9067ED5559530A50CE69C /* [CP] Embed Pods Frameworks */ = {
			isa = PBXShellScriptBuildPhase;
			buildActionMask = 2147483647;
			files = (
			);
			inputFileListPaths = (
			);
			inputPaths = (
				"${PODS_ROOT}/Target Support Files/Pods-Toonie/Pods-Toonie-frameworks.sh",
				"${BUILT_PRODUCTS_DIR}/Alamofire/Alamofire.framework",
				"${BUILT_PRODUCTS_DIR}/KTCenterFlowLayout/KTCenterFlowLayout.framework",
				"${BUILT_PRODUCTS_DIR}/Kingfisher/Kingfisher.framework",
				"${BUILT_PRODUCTS_DIR}/SnapKit/SnapKit.framework",
				"${BUILT_PRODUCTS_DIR}/lottie-ios/Lottie.framework",
			);
			name = "[CP] Embed Pods Frameworks";
			outputFileListPaths = (
			);
			outputPaths = (
				"${TARGET_BUILD_DIR}/${FRAMEWORKS_FOLDER_PATH}/Alamofire.framework",
				"${TARGET_BUILD_DIR}/${FRAMEWORKS_FOLDER_PATH}/KTCenterFlowLayout.framework",
				"${TARGET_BUILD_DIR}/${FRAMEWORKS_FOLDER_PATH}/Kingfisher.framework",
				"${TARGET_BUILD_DIR}/${FRAMEWORKS_FOLDER_PATH}/SnapKit.framework",
				"${TARGET_BUILD_DIR}/${FRAMEWORKS_FOLDER_PATH}/Lottie.framework",
			);
			runOnlyForDeploymentPostprocessing = 0;
			shellPath = /bin/sh;
			shellScript = "\"${PODS_ROOT}/Target Support Files/Pods-Toonie/Pods-Toonie-frameworks.sh\"\n";
			showEnvVarsInLog = 0;
		};
/* End PBXShellScriptBuildPhase section */

/* Begin PBXSourcesBuildPhase section */
		7B171198A32EB3EFBC3D890069B09B16 /* Sources */ = {
			isa = PBXSourcesBuildPhase;
			buildActionMask = 2147483647;
			files = (
				CD3B71BFA9A4A0A122FD68E070D94845 /* API+Base.swift in Sources */,
				284284A87EAD42C78BE6BE7867420D59 /* AddToonCollectionViewCell.swift in Sources */,
				3BA315B3C9603AC6B93F959232D18D96 /* AddToonViewController.swift in Sources */,
				2356B514E09193A5CBF1127EB3E77AB0 /* AppDelegate.swift in Sources */,
				CE58BDE4B385906F80FB4510F44E5C7B /* CALayer+.swift in Sources */,
				AB9BF389A4D6A9A12F45BDE69A35B72E /* CommonUtility.swift in Sources */,
				687C00FF78A900251B747635F98172EC /* DetailViewController.swift in Sources */,
				558FAE24BC1D46AEE96A7839D2EECDF9 /* FavoriteCollectionViewCell.swift in Sources */,
				C9355A5FA67D262F35C7B8B185D2CA62 /* FeedViewController.swift in Sources */,
				6931E65B235D9EF98AF252FC0326C078 /* ForYouCollectionViewCell.swift in Sources */,
				F3C2F02E93DEA64FA0001CEEBCEFE7A1 /* GestureViewController.swift in Sources */,
				B8CD77E704B84AC69F36C250FB3FA1EC /* KeywordCell.swift in Sources */,
				841F43351B84CE479CB40DF8E83FA09B /* KeywordSelectViewController.swift in Sources */,
				1197A557CB1AF1158F94DFB7BD22F4DA /* Keywords.swift in Sources */,
				6C2DEB00B715BF373C5B50D8B880EFF5 /* LookCell.swift in Sources */,
				8DE81B3464EE25EA61E3520654B563F5 /* LookDetailCell.swift in Sources */,
				EAC74CAA33B2653EA961CCB307D7673A /* LookDetailTopSelectCell.swift in Sources */,
				29B80C6D63C0208EA94D6FE5E73B9E1B /* LookDetailTopSelectViewController.swift in Sources */,
				343AED7608C0A5C8D608FD5219286F1D /* LookDetailViewController.swift in Sources */,
				2F487FFA72B9B1CA1B571558775F065E /* LookViewController.swift in Sources */,
				A31F7D42C07575D642B19CEE561AAD2A /* MainViewController.swift in Sources */,
				62A168D2156F78875FCAA78CC8DAC4BE /* ModifyCollectionViewCell.swift in Sources */,
				BD6D5F8108E5C2D9F03306CA47F7E653 /* ModifyViewController.swift in Sources */,
				3D7829A51FE8C5A1D54342BA93D42FE8 /* MyPage.swift in Sources */,
				087D071F4ACD5DD9DA5819762B27C20D /* MypageCollectionViewCell.swift in Sources */,
				4A484BBF5FE067D98BFB7093168E7C90 /* MypageDetailCollectionViewCell.swift in Sources */,
				2AEE70E242989259AC52F5761498DEEE /* MypageDetailViewController.swift in Sources */,
				51EC9B743BF45A529F3B67136DF0FF70 /* MypagePopUpViewController.swift in Sources */,
				09E62ABF5EFB2AD2310CD9D548C8018B /* MypageViewController.swift in Sources */,
				5CE1E4B98BF9BACC42C6DF600734DB28 /* NetworkResult.swift in Sources */,
				FB45278EDB2A30D96C6A86FE7615DB1C /* RecentCollectionViewCell.swift in Sources */,
				B854DBCEF4394512A8FDCA7112E02449 /* RecommendCollectionViewCell.swift in Sources */,
				77DFEEC3F834987C608C094E550766FB /* RecommendTableViewCell.swift in Sources */,
				C9F039313240324B71BBAD4F82FCCB07 /* RecommendViewController.swift in Sources */,
				F54FBDD196921F5FD9F19DA13532E4B4 /* Requestable.swift in Sources */,
				59DC911132F9BC28B93C080532754291 /* Service.swift in Sources */,
				EA3F62E1C0F071466575AAE9D9B1A47D /* SplashViewController.swift in Sources */,
				DAC921890617B9E247AE4070E1856EE9 /* String+.swift in Sources */,
				4AE025D2C380F51BB508CE678B09CB78 /* TagCollectionViewCell.swift in Sources */,
				3034A2E2BB683EEC325651DE0640531F /* Token.swift in Sources */,
				36427608866E2D2017F75155121C1AA4 /* ToonList.swift in Sources */,
				8E054D502505DD4C352EBE089DEAAB99 /* ToonListService.swift in Sources */,
				CDD94A58C361838A6501853F54312E0A /* ToonWebViewController.swift in Sources */,
				012280A5A53D6963330DB1D8B9DC3C68 /* UIAlertController+.swift in Sources */,
				BD6A4E5D4CF8929196A01E3D1E55C9F4 /* UIFont+.swift in Sources */,
				BBF3D671ABB1FA62C12A76D6A4CA52CE /* UIView+.swift in Sources */,
				FF0CB358B72DD3162E223F5DEB7D2A94 /* UIViewController+.swift in Sources */,
			);
			runOnlyForDeploymentPostprocessing = 0;
		};
		F143B5A3C419DA02745E94351D1DFCD6 /* Sources */ = {
			isa = PBXSourcesBuildPhase;
			buildActionMask = 2147483647;
			files = (
				0957B41AD138D0A49135F214132A015A /* ToonieTests.swift in Sources */,
			);
			runOnlyForDeploymentPostprocessing = 0;
		};
/* End PBXSourcesBuildPhase section */

/* Begin PBXTargetDependency section */
		3571BF4CF9FE0F2ABAFD2B728E643F54 /* PBXTargetDependency */ = {
			isa = PBXTargetDependency;
			target = 95BDF1BEF5288564E511594C77D7AF38 /* Toonie */;
			targetProxy = A7A7E1C4E7B4E70621F251BC0926A728 /* PBXContainerItemProxy */;
		};
/* End PBXTargetDependency section */

/* Begin PBXVariantGroup section */
		3B0C78D03E5A43CAFBDBB7ED8BE48B16 /* LaunchScreen.storyboard */ = {
			isa = PBXVariantGroup;
			children = (
				D96ADF5E22F9048B9EE1FA43C04A076F /* Base */,
			);
			name = LaunchScreen.storyboard;
			sourceTree = "<group>";
		};
		EA5DF823B0E683B7C42B1DAFAC7C1D6E /* Main.storyboard */ = {
			isa = PBXVariantGroup;
			children = (
				CB66083F3ABEA7C967799226FCA1E83F /* Base */,
			);
			name = Main.storyboard;
			sourceTree = "<group>";
		};
/* End PBXVariantGroup section */

/* Begin XCBuildConfiguration section */
		0F9CC5923CD86EC0AECE581401432844 /* Release */ = {
			isa = XCBuildConfiguration;
			baseConfigurationReference = 630481886041EA402305CF71D731B02B /* Pods-ToonieTests.release.xcconfig */;
			buildSettings = {
				ALWAYS_EMBED_SWIFT_STANDARD_LIBRARIES = YES;
				BUNDLE_LOADER = "$(TEST_HOST)";
				CODE_SIGN_STYLE = Automatic;
				DEVELOPMENT_TEAM = R78643UTJ5;
				INFOPLIST_FILE = ToonieTests/Info.plist;
				LD_RUNPATH_SEARCH_PATHS = (
					"$(inherited)",
					"@executable_path/Frameworks",
					"@loader_path/Frameworks",
				);
				PRODUCT_BUNDLE_IDENTIFIER = com.toonie.ToonieTests;
				PRODUCT_NAME = "$(TARGET_NAME)";
				SWIFT_VERSION = 4.2;
				TARGETED_DEVICE_FAMILY = "1,2";
				TEST_HOST = "$(BUILT_PRODUCTS_DIR)/Toonie.app/Toonie";
			};
			name = Release;
		};
		749A984054BDCD116106516BF98FEE0B /* Debug */ = {
			isa = XCBuildConfiguration;
			baseConfigurationReference = 46461D78EB2754C9A17D4352D5F97AC7 /* Pods-Toonie.debug.xcconfig */;
			buildSettings = {
				ASSETCATALOG_COMPILER_APPICON_NAME = AppIcon;
				CODE_SIGN_STYLE = Automatic;
				DEVELOPMENT_TEAM = R78643UTJ5;
				INFOPLIST_FILE = Toonie/Info.plist;
				IPHONEOS_DEPLOYMENT_TARGET = 11.0;
				LD_RUNPATH_SEARCH_PATHS = (
					"$(inherited)",
					"@executable_path/Frameworks",
				);
				PRODUCT_BUNDLE_IDENTIFIER = com.Tooniee;
				PRODUCT_NAME = "$(TARGET_NAME)";
				SWIFT_VERSION = 4.2;
				TARGETED_DEVICE_FAMILY = "1,2";
			};
			name = Debug;
		};
		771EE3F1C570BD69A7E466EA5F3CDF0A /* Release */ = {
			isa = XCBuildConfiguration;
			baseConfigurationReference = 300FB960FFEE2976C603D16E5DC4B10B /* Pods-Toonie.release.xcconfig */;
			buildSettings = {
				ASSETCATALOG_COMPILER_APPICON_NAME = AppIcon;
				CODE_SIGN_STYLE = Automatic;
				DEVELOPMENT_TEAM = R78643UTJ5;
				INFOPLIST_FILE = Toonie/Info.plist;
				IPHONEOS_DEPLOYMENT_TARGET = 11.0;
				LD_RUNPATH_SEARCH_PATHS = (
					"$(inherited)",
					"@executable_path/Frameworks",
				);
				PRODUCT_BUNDLE_IDENTIFIER = com.Tooniee;
				PRODUCT_NAME = "$(TARGET_NAME)";
				SWIFT_VERSION = 4.2;
				TARGETED_DEVICE_FAMILY = "1,2";
			};
			name = Release;
		};
		93D347D805C23CED78D22521FF0F2A3B /* Debug */ = {
			isa = XCBuildConfiguration;
			baseConfigurationReference = F9FED2BB74D689EF6B88421CC1B8579D /* Pods-ToonieTests.debug.xcconfig */;
			buildSettings = {
				ALWAYS_EMBED_SWIFT_STANDARD_LIBRARIES = YES;
				BUNDLE_LOADER = "$(TEST_HOST)";
				CODE_SIGN_STYLE = Automatic;
				DEVELOPMENT_TEAM = R78643UTJ5;
				INFOPLIST_FILE = ToonieTests/Info.plist;
				LD_RUNPATH_SEARCH_PATHS = (
					"$(inherited)",
					"@executable_path/Frameworks",
					"@loader_path/Frameworks",
				);
				PRODUCT_BUNDLE_IDENTIFIER = com.toonie.ToonieTests;
				PRODUCT_NAME = "$(TARGET_NAME)";
				SWIFT_VERSION = 4.2;
				TARGETED_DEVICE_FAMILY = "1,2";
				TEST_HOST = "$(BUILT_PRODUCTS_DIR)/Toonie.app/Toonie";
			};
			name = Debug;
		};
		A3923264EC329E6705B2FE3EB8811BB2 /* Release */ = {
			isa = XCBuildConfiguration;
			buildSettings = {
				ALWAYS_SEARCH_USER_PATHS = NO;
				CLANG_ANALYZER_NONNULL = YES;
				CLANG_ANALYZER_NUMBER_OBJECT_CONVERSION = YES_AGGRESSIVE;
				CLANG_CXX_LANGUAGE_STANDARD = "gnu++14";
				CLANG_CXX_LIBRARY = "libc++";
				CLANG_ENABLE_MODULES = YES;
				CLANG_ENABLE_OBJC_ARC = YES;
				CLANG_ENABLE_OBJC_WEAK = YES;
				CLANG_WARN_BLOCK_CAPTURE_AUTORELEASING = YES;
				CLANG_WARN_BOOL_CONVERSION = YES;
				CLANG_WARN_COMMA = YES;
				CLANG_WARN_CONSTANT_CONVERSION = YES;
				CLANG_WARN_DEPRECATED_OBJC_IMPLEMENTATIONS = YES;
				CLANG_WARN_DIRECT_OBJC_ISA_USAGE = YES_ERROR;
				CLANG_WARN_DOCUMENTATION_COMMENTS = YES;
				CLANG_WARN_EMPTY_BODY = YES;
				CLANG_WARN_ENUM_CONVERSION = YES;
				CLANG_WARN_INFINITE_RECURSION = YES;
				CLANG_WARN_INT_CONVERSION = YES;
				CLANG_WARN_NON_LITERAL_NULL_CONVERSION = YES;
				CLANG_WARN_OBJC_IMPLICIT_RETAIN_SELF = YES;
				CLANG_WARN_OBJC_LITERAL_CONVERSION = YES;
				CLANG_WARN_OBJC_ROOT_CLASS = YES_ERROR;
				CLANG_WARN_RANGE_LOOP_ANALYSIS = YES;
				CLANG_WARN_STRICT_PROTOTYPES = YES;
				CLANG_WARN_SUSPICIOUS_MOVE = YES;
				CLANG_WARN_UNGUARDED_AVAILABILITY = YES_AGGRESSIVE;
				CLANG_WARN_UNREACHABLE_CODE = YES;
				CLANG_WARN__DUPLICATE_METHOD_MATCH = YES;
				CODE_SIGN_IDENTITY = "iPhone Developer";
				COPY_PHASE_STRIP = NO;
				DEBUG_INFORMATION_FORMAT = "dwarf-with-dsym";
				ENABLE_NS_ASSERTIONS = NO;
				ENABLE_STRICT_OBJC_MSGSEND = YES;
				GCC_C_LANGUAGE_STANDARD = gnu11;
				GCC_NO_COMMON_BLOCKS = YES;
				GCC_WARN_64_TO_32_BIT_CONVERSION = YES;
				GCC_WARN_ABOUT_RETURN_TYPE = YES_ERROR;
				GCC_WARN_UNDECLARED_SELECTOR = YES;
				GCC_WARN_UNINITIALIZED_AUTOS = YES_AGGRESSIVE;
				GCC_WARN_UNUSED_FUNCTION = YES;
				GCC_WARN_UNUSED_VARIABLE = YES;
				IPHONEOS_DEPLOYMENT_TARGET = 11.0;
				MTL_ENABLE_DEBUG_INFO = NO;
				MTL_FAST_MATH = YES;
				SDKROOT = iphoneos;
				SWIFT_COMPILATION_MODE = wholemodule;
				SWIFT_OPTIMIZATION_LEVEL = "-O";
				VALIDATE_PRODUCT = YES;
			};
			name = Release;
		};
		CB409F3C6FFC150B890DF0A12D6BA2D6 /* Debug */ = {
			isa = XCBuildConfiguration;
			buildSettings = {
				ALWAYS_SEARCH_USER_PATHS = NO;
				CLANG_ANALYZER_NONNULL = YES;
				CLANG_ANALYZER_NUMBER_OBJECT_CONVERSION = YES_AGGRESSIVE;
				CLANG_CXX_LANGUAGE_STANDARD = "gnu++14";
				CLANG_CXX_LIBRARY = "libc++";
				CLANG_ENABLE_MODULES = YES;
				CLANG_ENABLE_OBJC_ARC = YES;
				CLANG_ENABLE_OBJC_WEAK = YES;
				CLANG_WARN_BLOCK_CAPTURE_AUTORELEASING = YES;
				CLANG_WARN_BOOL_CONVERSION = YES;
				CLANG_WARN_COMMA = YES;
				CLANG_WARN_CONSTANT_CONVERSION = YES;
				CLANG_WARN_DEPRECATED_OBJC_IMPLEMENTATIONS = YES;
				CLANG_WARN_DIRECT_OBJC_ISA_USAGE = YES_ERROR;
				CLANG_WARN_DOCUMENTATION_COMMENTS = YES;
				CLANG_WARN_EMPTY_BODY = YES;
				CLANG_WARN_ENUM_CONVERSION = YES;
				CLANG_WARN_INFINITE_RECURSION = YES;
				CLANG_WARN_INT_CONVERSION = YES;
				CLANG_WARN_NON_LITERAL_NULL_CONVERSION = YES;
				CLANG_WARN_OBJC_IMPLICIT_RETAIN_SELF = YES;
				CLANG_WARN_OBJC_LITERAL_CONVERSION = YES;
				CLANG_WARN_OBJC_ROOT_CLASS = YES_ERROR;
				CLANG_WARN_RANGE_LOOP_ANALYSIS = YES;
				CLANG_WARN_STRICT_PROTOTYPES = YES;
				CLANG_WARN_SUSPICIOUS_MOVE = YES;
				CLANG_WARN_UNGUARDED_AVAILABILITY = YES_AGGRESSIVE;
				CLANG_WARN_UNREACHABLE_CODE = YES;
				CLANG_WARN__DUPLICATE_METHOD_MATCH = YES;
				CODE_SIGN_IDENTITY = "iPhone Developer";
				COPY_PHASE_STRIP = NO;
				DEBUG_INFORMATION_FORMAT = dwarf;
				ENABLE_STRICT_OBJC_MSGSEND = YES;
				ENABLE_TESTABILITY = YES;
				GCC_C_LANGUAGE_STANDARD = gnu11;
				GCC_DYNAMIC_NO_PIC = NO;
				GCC_NO_COMMON_BLOCKS = YES;
				GCC_OPTIMIZATION_LEVEL = 0;
				GCC_PREPROCESSOR_DEFINITIONS = (
					"DEBUG=1",
					"$(inherited)",
				);
				GCC_WARN_64_TO_32_BIT_CONVERSION = YES;
				GCC_WARN_ABOUT_RETURN_TYPE = YES_ERROR;
				GCC_WARN_UNDECLARED_SELECTOR = YES;
				GCC_WARN_UNINITIALIZED_AUTOS = YES_AGGRESSIVE;
				GCC_WARN_UNUSED_FUNCTION = YES;
				GCC_WARN_UNUSED_VARIABLE = YES;
				IPHONEOS_DEPLOYMENT_TARGET = 11.0;
				MTL_ENABLE_DEBUG_INFO = INCLUDE_SOURCE;
				MTL_FAST_MATH = YES;
				ONLY_ACTIVE_ARCH = YES;
				SDKROOT = iphoneos;
				SWIFT_ACTIVE_COMPILATION_CONDITIONS = DEBUG;
				SWIFT_OPTIMIZATION_LEVEL = "-Onone";
			};
			name = Debug;
		};
/* End XCBuildConfiguration section */

/* Begin XCConfigurationList section */
		1005CD2EABD7B937DC316161518995F5 /* Build configuration list for PBXNativeTarget "Toonie" */ = {
			isa = XCConfigurationList;
			buildConfigurations = (
				749A984054BDCD116106516BF98FEE0B /* Debug */,
				771EE3F1C570BD69A7E466EA5F3CDF0A /* Release */,
			);
			defaultConfigurationIsVisible = 0;
			defaultConfigurationName = Release;
		};
		CEBF7D8AB227DC66E272F3979A2C90DB /* Build configuration list for PBXNativeTarget "ToonieTests" */ = {
			isa = XCConfigurationList;
			buildConfigurations = (
				93D347D805C23CED78D22521FF0F2A3B /* Debug */,
				0F9CC5923CD86EC0AECE581401432844 /* Release */,
			);
			defaultConfigurationIsVisible = 0;
			defaultConfigurationName = Release;
		};
		CED07C3AC716963ABF5184C51C10497D /* Build configuration list for PBXProject "Toonie" */ = {
			isa = XCConfigurationList;
			buildConfigurations = (
				CB409F3C6FFC150B890DF0A12D6BA2D6 /* Debug */,
				A3923264EC329E6705B2FE3EB8811BB2 /* Release */,
			);
			defaultConfigurationIsVisible = 0;
			defaultConfigurationName = Release;
		};
/* End XCConfigurationList section */
	};
	rootObject = 6F584EBA5C29F3C756C4DEE7B94A2FA7 /* Project object */;
}
