// !$*UTF8*$!
{
	archiveVersion = 1;
	classes = {
	};
	objectVersion = 50;
	objects = {

/* Begin PBXBuildFile section */
		3329D16EACF533982CBE706AE5A72FB7 /* .swiftlint.yml in Resources */ = {isa = PBXBuildFile; fileRef = 9C85D8F090D4E9C332080D997CFF19EE /* .swiftlint.yml */; };
		2356B514E09193A5CBF1127EB3E77AB0 /* AppDelegate.swift in Sources */ = {isa = PBXBuildFile; fileRef = 0983BCBA1C869D8FA91A7719C7D244E3 /* AppDelegate.swift */; };
		BB57D379599E229DE86C9F3A93FCBB0F /* Assets.xcassets in Resources */ = {isa = PBXBuildFile; fileRef = 80C2C41933AFF35CEA1787DF94DFAF18 /* Assets.xcassets */; };
		922ED4640432D5E3205B5BFC83C2289A /* Feed.storyboard in Resources */ = {isa = PBXBuildFile; fileRef = D8B5D96B1CEFD3803CE8F8BA6C4DD741 /* Feed.storyboard */; };
		4C699DADAA5D77D2B131D12B6B8886AB /* FeedFirstUIView.swift in Sources */ = {isa = PBXBuildFile; fileRef = 5F10474D141A72A1B6A13688305988CE /* FeedFirstUIView.swift */; };
		30FF5599710A31E1F75B51D08278EDA4 /* FeedFirstUIView.xib in Resources */ = {isa = PBXBuildFile; fileRef = 95272393C935BC5B688126817D77741C /* FeedFirstUIView.xib */; };
		79425F98E4BBACCC219FB0C2FED44E53 /* FeedViewController.swift in Sources */ = {isa = PBXBuildFile; fileRef = 4CEB5CDA6A02D391B41506F9680F572F /* FeedViewController.swift */; };
		B8CD77E704B84AC69F36C250FB3FA1EC /* KeywordCell.swift in Sources */ = {isa = PBXBuildFile; fileRef = 20EDEEDFB2A92FFAA9328EB4B2086305 /* KeywordCell.swift */; };
		841F43351B84CE479CB40DF8E83FA09B /* KeywordSelectViewController.swift in Sources */ = {isa = PBXBuildFile; fileRef = 7369E794AEA4E0B7187CBD9AE26AFB2E /* KeywordSelectViewController.swift */; };
		F6181CB59A1A2DF3317424DA3BADFE9F /* LaunchScreen.storyboard in Resources */ = {isa = PBXBuildFile; fileRef = 3B0C78D03E5A43CAFBDBB7ED8BE48B16 /* LaunchScreen.storyboard */; };
		A1EEA867D16DF76FCAA9521EE5DEA370 /* Look.storyboard in Resources */ = {isa = PBXBuildFile; fileRef = 917CB174956FF8ACDAD03E1840E2F0EF /* Look.storyboard */; };
		6C2DEB00B715BF373C5B50D8B880EFF5 /* LookCell.swift in Sources */ = {isa = PBXBuildFile; fileRef = 4744A64E19261259A0F1C0E591CA994C /* LookCell.swift */; };
		BF70273ECAB02DBDD66811688A2ABF57 /* LookDetailViewController.swift in Sources */ = {isa = PBXBuildFile; fileRef = 84F8D5B7E8BE6D3DFDF575B20292F0BE /* LookDetailViewController.swift */; };
		2F487FFA72B9B1CA1B571558775F065E /* LookViewController.swift in Sources */ = {isa = PBXBuildFile; fileRef = 1F86D8B1CA39FC8055C8747A6AFC2D06 /* LookViewController.swift */; };
		65A9D1EE7AE4C38B2B5EB9ADD14BAAA4 /* Main.storyboard in Resources */ = {isa = PBXBuildFile; fileRef = 24933E175890AB6E3840CCDEEEA93A35 /* Main.storyboard */; };
		EAB2A133937A396F4086302AAA01BFD1 /* MainViewController.swift in Sources */ = {isa = PBXBuildFile; fileRef = 764C9363F03498290ED7CCFC3B1919BA /* MainViewController.swift */; };
		3603ED7C6D7679C3634C60C341C440F4 /* MyPage.storyboard in Resources */ = {isa = PBXBuildFile; fileRef = AFB2C8AFCFEB675529B5A26620D498F7 /* MyPage.storyboard */; };
		41EB1C85CC1A720BF0B6405FF32C0F8A /* MypageViewController.swift in Sources */ = {isa = PBXBuildFile; fileRef = 8B903C915E2D60983CD6FE59BAB844ED /* MypageViewController.swift */; };
		9E1130891C97D8F4786070CA5F865527 /* Pods_Toonie.framework in Frameworks */ = {isa = PBXBuildFile; fileRef = 117585FB9F8E77DCB04082EAF82AE342 /* Pods_Toonie.framework */; };
		A328A80E54A3A417D3EA56767B1FDFDA /* Pods_ToonieTests.framework in Frameworks */ = {isa = PBXBuildFile; fileRef = 82AF128897992796FF6ED25B199B0530 /* Pods_ToonieTests.framework */; };
		AC96669CCBB6474F1997196F2B782039 /* Setting.storyboard in Resources */ = {isa = PBXBuildFile; fileRef = 9E36EE31DFE3F652BC7C1FA5A3693FA9 /* Setting.storyboard */; };
		EA3F62E1C0F071466575AAE9D9B1A47D /* SplashViewController.swift in Sources */ = {isa = PBXBuildFile; fileRef = D181587B82E1BF344A7F8A87649CE2A5 /* SplashViewController.swift */; };
		0957B41AD138D0A49135F214132A015A /* ToonieTests.swift in Sources */ = {isa = PBXBuildFile; fileRef = E8BEF0670CA0E9737AC0D8BB4C759F3D /* ToonieTests.swift */; };
		16B5F805D0B84D4BAE707BAAED697F08 /* giphy.gif in Resources */ = {isa = PBXBuildFile; fileRef = D8E1AD8B779448DA04C464E96AECF285 /* giphy.gif */; };
		CAA846D62AB9AD2D72906DDE2C71CD0A /* logo.json in Resources */ = {isa = PBXBuildFile; fileRef = DF3F0E0EA77DF5D9B394D0B2C1063970 /* logo.json */; };
		DF9380E6054C041E4A4F6709EF9B6863 /* logo_0.png in Resources */ = {isa = PBXBuildFile; fileRef = C0E63CD475F1D8DDE6DABBED76584E9D /* logo_0.png */; };
		3D69E4FABD3A0CA64D9C45ACEDA5447D /* logo_1.png in Resources */ = {isa = PBXBuildFile; fileRef = BD683C2D042E9E71AE36B6FDF6F91EFF /* logo_1.png */; };
		A015E9745944183908CFB5EB622D8E1C /* logo_2.png in Resources */ = {isa = PBXBuildFile; fileRef = 265C5019F75CD55A9F3E65DD1EB81778 /* logo_2.png */; };
		2C5AB8160CD5EFBE5F7A784CEFF293BD /* logo_3.png in Resources */ = {isa = PBXBuildFile; fileRef = 52261860A2CA22E4E4549FFF254178B4 /* logo_3.png */; };
		EDECAA8A9C647CEC64310FC8C59ECC0D /* logo_4.png in Resources */ = {isa = PBXBuildFile; fileRef = F19B7C7DBA42C8BADE36E3EB635D0580 /* logo_4.png */; };
		EA9A483AFB1A71A49124F85C18438FCC /* logo_5.png in Resources */ = {isa = PBXBuildFile; fileRef = 41A9444A982E152A60D019D70582C518 /* logo_5.png */; };
		655E7C6DA37B63F408CDC8318128AD43 /* logo_6.png in Resources */ = {isa = PBXBuildFile; fileRef = 8631F846AECAC3D28B3C2B42703929E8 /* logo_6.png */; };
		96A867D901E71622E9E989B52C5E0F65 /* logo_7.png in Resources */ = {isa = PBXBuildFile; fileRef = 9EC8E23335E325CABFFECB779B5D9F44 /* logo_7.png */; };
		613B0B6FD28864159F2BFAEC91BDFE5A /* logo_8.png in Resources */ = {isa = PBXBuildFile; fileRef = F0D48B3952E3F15B80DD34CB855A9801 /* logo_8.png */; };
/* End PBXBuildFile section */

/* Begin PBXContainerItemProxy section */
		A7A7E1C4E7B4E70621F251BC0926A728 /* PBXContainerItemProxy */ = {
			isa = PBXContainerItemProxy;
			containerPortal = 6F584EBA5C29F3C756C4DEE7B94A2FA7 /* Project object */;
			proxyType = 1;
			remoteGlobalIDString = 95BDF1BEF5288564E511594C77D7AF38;
			remoteInfo = Toonie;
		};
/* End PBXContainerItemProxy section */

/* Begin PBXFileReference section */
		9C85D8F090D4E9C332080D997CFF19EE /* .swiftlint.yml */ = {isa = PBXFileReference; lastKnownFileType = text; path = .swiftlint.yml; sourceTree = "<group>"; };
		0983BCBA1C869D8FA91A7719C7D244E3 /* AppDelegate.swift */ = {isa = PBXFileReference; lastKnownFileType = sourcecode.swift; path = AppDelegate.swift; sourceTree = "<group>"; };
		80C2C41933AFF35CEA1787DF94DFAF18 /* Assets.xcassets */ = {isa = PBXFileReference; lastKnownFileType = folder.assetcatalog; path = Assets.xcassets; sourceTree = "<group>"; };
		D67AEE729F9E0A7D1BD8BCB25B6EA748 /* Base */ = {isa = PBXFileReference; lastKnownFileType = file.storyboard; name = Base; path = Base.lproj/Main.storyboard; sourceTree = "<group>"; };
		D96ADF5E22F9048B9EE1FA43C04A076F /* Base */ = {isa = PBXFileReference; lastKnownFileType = file.storyboard; name = Base; path = Base.lproj/LaunchScreen.storyboard; sourceTree = "<group>"; };
		D8B5D96B1CEFD3803CE8F8BA6C4DD741 /* Feed.storyboard */ = {isa = PBXFileReference; lastKnownFileType = file.storyboard; path = Feed.storyboard; sourceTree = "<group>"; };
		5F10474D141A72A1B6A13688305988CE /* FeedFirstUIView.swift */ = {isa = PBXFileReference; lastKnownFileType = sourcecode.swift; name = FeedFirstUIView.swift; path = toonie/Feed/FeedFirstUIView.swift; sourceTree = SOURCE_ROOT; };
		95272393C935BC5B688126817D77741C /* FeedFirstUIView.xib */ = {isa = PBXFileReference; lastKnownFileType = file.xib; path = FeedFirstUIView.xib; sourceTree = "<group>"; };
		4CEB5CDA6A02D391B41506F9680F572F /* FeedViewController.swift */ = {isa = PBXFileReference; lastKnownFileType = sourcecode.swift; path = FeedViewController.swift; sourceTree = "<group>"; };
		8D67243EE4C5277CA9E639E1FD1E0E03 /* Info.plist */ = {isa = PBXFileReference; lastKnownFileType = text.plist.xml; path = Info.plist; sourceTree = "<group>"; };
		EA8D35008BD513F538F5DE5377E835EF /* Info.plist */ = {isa = PBXFileReference; lastKnownFileType = text.plist.xml; path = Info.plist; sourceTree = "<group>"; };
		20EDEEDFB2A92FFAA9328EB4B2086305 /* KeywordCell.swift */ = {isa = PBXFileReference; lastKnownFileType = sourcecode.swift; path = KeywordCell.swift; sourceTree = "<group>"; };
		7369E794AEA4E0B7187CBD9AE26AFB2E /* KeywordSelectViewController.swift */ = {isa = PBXFileReference; lastKnownFileType = sourcecode.swift; name = KeywordSelectViewController.swift; path = toonie/Splash/KeywordSelectViewController.swift; sourceTree = SOURCE_ROOT; };
		917CB174956FF8ACDAD03E1840E2F0EF /* Look.storyboard */ = {isa = PBXFileReference; lastKnownFileType = file.storyboard; path = Look.storyboard; sourceTree = "<group>"; };
		4744A64E19261259A0F1C0E591CA994C /* LookCell.swift */ = {isa = PBXFileReference; fileEncoding = 4; lastKnownFileType = sourcecode.swift; path = LookCell.swift; sourceTree = "<group>"; };
		84F8D5B7E8BE6D3DFDF575B20292F0BE /* LookDetailViewController.swift */ = {isa = PBXFileReference; lastKnownFileType = sourcecode.swift; path = LookDetailViewController.swift; sourceTree = "<group>"; };
		1F86D8B1CA39FC8055C8747A6AFC2D06 /* LookViewController.swift */ = {isa = PBXFileReference; fileEncoding = 4; lastKnownFileType = sourcecode.swift; path = LookViewController.swift; sourceTree = "<group>"; };
		764C9363F03498290ED7CCFC3B1919BA /* MainViewController.swift */ = {isa = PBXFileReference; lastKnownFileType = sourcecode.swift; path = MainViewController.swift; sourceTree = "<group>"; };
		AFB2C8AFCFEB675529B5A26620D498F7 /* MyPage.storyboard */ = {isa = PBXFileReference; lastKnownFileType = file.storyboard; path = MyPage.storyboard; sourceTree = "<group>"; };
		8B903C915E2D60983CD6FE59BAB844ED /* MypageViewController.swift */ = {isa = PBXFileReference; lastKnownFileType = sourcecode.swift; path = MypageViewController.swift; sourceTree = "<group>"; };
		46461D78EB2754C9A17D4352D5F97AC7 /* Pods-Toonie.debug.xcconfig */ = {isa = PBXFileReference; includeInIndex = 1; lastKnownFileType = text.xcconfig; name = "Pods-Toonie.debug.xcconfig"; path = "Pods/Target Support Files/Pods-Toonie/Pods-Toonie.debug.xcconfig"; sourceTree = "<group>"; };
		300FB960FFEE2976C603D16E5DC4B10B /* Pods-Toonie.release.xcconfig */ = {isa = PBXFileReference; includeInIndex = 1; lastKnownFileType = text.xcconfig; name = "Pods-Toonie.release.xcconfig"; path = "Pods/Target Support Files/Pods-Toonie/Pods-Toonie.release.xcconfig"; sourceTree = "<group>"; };
		F9FED2BB74D689EF6B88421CC1B8579D /* Pods-ToonieTests.debug.xcconfig */ = {isa = PBXFileReference; includeInIndex = 1; lastKnownFileType = text.xcconfig; name = "Pods-ToonieTests.debug.xcconfig"; path = "Pods/Target Support Files/Pods-ToonieTests/Pods-ToonieTests.debug.xcconfig"; sourceTree = "<group>"; };
		630481886041EA402305CF71D731B02B /* Pods-ToonieTests.release.xcconfig */ = {isa = PBXFileReference; includeInIndex = 1; lastKnownFileType = text.xcconfig; name = "Pods-ToonieTests.release.xcconfig"; path = "Pods/Target Support Files/Pods-ToonieTests/Pods-ToonieTests.release.xcconfig"; sourceTree = "<group>"; };
		117585FB9F8E77DCB04082EAF82AE342 /* Pods_Toonie.framework */ = {isa = PBXFileReference; explicitFileType = wrapper.framework; includeInIndex = 0; path = Pods_Toonie.framework; sourceTree = BUILT_PRODUCTS_DIR; };
		82AF128897992796FF6ED25B199B0530 /* Pods_ToonieTests.framework */ = {isa = PBXFileReference; explicitFileType = wrapper.framework; includeInIndex = 0; path = Pods_ToonieTests.framework; sourceTree = BUILT_PRODUCTS_DIR; };
		9E36EE31DFE3F652BC7C1FA5A3693FA9 /* Setting.storyboard */ = {isa = PBXFileReference; lastKnownFileType = file.storyboard; path = Setting.storyboard; sourceTree = "<group>"; };
		D181587B82E1BF344A7F8A87649CE2A5 /* SplashViewController.swift */ = {isa = PBXFileReference; lastKnownFileType = sourcecode.swift; name = SplashViewController.swift; path = Toonie/Splash/SplashViewController.swift; sourceTree = SOURCE_ROOT; };
		E5B5664A67B748CC79409D5ABB761F80 /* Toonie.app */ = {isa = PBXFileReference; explicitFileType = wrapper.application; includeInIndex = 0; path = Toonie.app; sourceTree = BUILT_PRODUCTS_DIR; };
		E8BEF0670CA0E9737AC0D8BB4C759F3D /* ToonieTests.swift */ = {isa = PBXFileReference; lastKnownFileType = sourcecode.swift; path = ToonieTests.swift; sourceTree = "<group>"; };
		D32B5ACD1A82F7A257245C24D4210ADC /* ToonieTests.xctest */ = {isa = PBXFileReference; explicitFileType = wrapper.cfbundle; includeInIndex = 0; path = ToonieTests.xctest; sourceTree = BUILT_PRODUCTS_DIR; };
		D8E1AD8B779448DA04C464E96AECF285 /* giphy.gif */ = {isa = PBXFileReference; lastKnownFileType = image.gif; name = giphy.gif; path = "toonie/Supporting Files/giphy.gif"; sourceTree = SOURCE_ROOT; };
		DF3F0E0EA77DF5D9B394D0B2C1063970 /* logo.json */ = {isa = PBXFileReference; fileEncoding = 4; lastKnownFileType = text.json; path = logo.json; sourceTree = "<group>"; };
		C0E63CD475F1D8DDE6DABBED76584E9D /* logo_0.png */ = {isa = PBXFileReference; lastKnownFileType = image.png; path = logo_0.png; sourceTree = "<group>"; };
		BD683C2D042E9E71AE36B6FDF6F91EFF /* logo_1.png */ = {isa = PBXFileReference; lastKnownFileType = image.png; path = logo_1.png; sourceTree = "<group>"; };
		265C5019F75CD55A9F3E65DD1EB81778 /* logo_2.png */ = {isa = PBXFileReference; lastKnownFileType = image.png; path = logo_2.png; sourceTree = "<group>"; };
		52261860A2CA22E4E4549FFF254178B4 /* logo_3.png */ = {isa = PBXFileReference; lastKnownFileType = image.png; path = logo_3.png; sourceTree = "<group>"; };
		F19B7C7DBA42C8BADE36E3EB635D0580 /* logo_4.png */ = {isa = PBXFileReference; lastKnownFileType = image.png; path = logo_4.png; sourceTree = "<group>"; };
		41A9444A982E152A60D019D70582C518 /* logo_5.png */ = {isa = PBXFileReference; lastKnownFileType = image.png; path = logo_5.png; sourceTree = "<group>"; };
		8631F846AECAC3D28B3C2B42703929E8 /* logo_6.png */ = {isa = PBXFileReference; lastKnownFileType = image.png; path = logo_6.png; sourceTree = "<group>"; };
		9EC8E23335E325CABFFECB779B5D9F44 /* logo_7.png */ = {isa = PBXFileReference; lastKnownFileType = image.png; path = logo_7.png; sourceTree = "<group>"; };
		F0D48B3952E3F15B80DD34CB855A9801 /* logo_8.png */ = {isa = PBXFileReference; lastKnownFileType = image.png; path = logo_8.png; sourceTree = "<group>"; };
/* End PBXFileReference section */

/* Begin PBXFrameworksBuildPhase section */
		6D90D75656461EB0B098A4F8F5E7B4D8 /* Frameworks */ = {
			isa = PBXFrameworksBuildPhase;
			buildActionMask = 2147483647;
			files = (
				A328A80E54A3A417D3EA56767B1FDFDA /* Pods_ToonieTests.framework in Frameworks */,
			);
			runOnlyForDeploymentPostprocessing = 0;
		};
		CE5F455DCBC4B8425D238EF8FF886C7F /* Frameworks */ = {
			isa = PBXFrameworksBuildPhase;
			buildActionMask = 2147483647;
			files = (
				9E1130891C97D8F4786070CA5F865527 /* Pods_Toonie.framework in Frameworks */,
			);
			runOnlyForDeploymentPostprocessing = 0;
		};
/* End PBXFrameworksBuildPhase section */

/* Begin PBXGroup section */
		1E5EEACC73F0B2067BEA386D942B1580 /* MyPage */ = {
			isa = PBXGroup;
			children = (
				AFB2C8AFCFEB675529B5A26620D498F7 /* MyPage.storyboard */,
				8B903C915E2D60983CD6FE59BAB844ED /* MypageViewController.swift */,
			);
			path = MyPage;
			sourceTree = "<group>";
		};
		2043341A73508475E2C3AF559DC5BA15 /* logo.json */ = {
			isa = PBXGroup;
			children = (
				DF3F0E0EA77DF5D9B394D0B2C1063970 /* logo.json */,
				C0E63CD475F1D8DDE6DABBED76584E9D /* logo_0.png */,
				BD683C2D042E9E71AE36B6FDF6F91EFF /* logo_1.png */,
				265C5019F75CD55A9F3E65DD1EB81778 /* logo_2.png */,
				52261860A2CA22E4E4549FFF254178B4 /* logo_3.png */,
				F19B7C7DBA42C8BADE36E3EB635D0580 /* logo_4.png */,
				41A9444A982E152A60D019D70582C518 /* logo_5.png */,
				8631F846AECAC3D28B3C2B42703929E8 /* logo_6.png */,
				9EC8E23335E325CABFFECB779B5D9F44 /* logo_7.png */,
				F0D48B3952E3F15B80DD34CB855A9801 /* logo_8.png */,
			);
			path = logo.json;
			sourceTree = "<group>";
		};
		262BC765159E6BB88A72DE819C145C06 = {
			isa = PBXGroup;
			children = (
				2A7D018F4F821AC997F707D66FF1AAE8 /* Frameworks */,
				51483B2FA5A46C3D0289677EDBBA0457 /* Pods */,
				86B4A08A75551E8A7BBF979B5EAB3D51 /* Products */,
				50DD12AB546601FDF26E6690643AA25F /* Toonie */,
				D7EB0356146547BFA7F3C37A1D559F26 /* ToonieTests */,
				9C85D8F090D4E9C332080D997CFF19EE /* .swiftlint.yml */,
			);
			sourceTree = "<group>";
		};
		27B8AA7F074F516D27CE1E5F0928633C /* LookViewController */ = {
			isa = PBXGroup;
			children = (
				4744A64E19261259A0F1C0E591CA994C /* LookCell.swift */,
				1F86D8B1CA39FC8055C8747A6AFC2D06 /* LookViewController.swift */,
			);
			path = LookViewController;
			sourceTree = "<group>";
		};
		2A7D018F4F821AC997F707D66FF1AAE8 /* Frameworks */ = {
			isa = PBXGroup;
			children = (
				117585FB9F8E77DCB04082EAF82AE342 /* Pods_Toonie.framework */,
				82AF128897992796FF6ED25B199B0530 /* Pods_ToonieTests.framework */,
			);
			name = Frameworks;
			sourceTree = "<group>";
		};
		50DD12AB546601FDF26E6690643AA25F /* Toonie */ = {
			isa = PBXGroup;
			children = (
				9A660BF0B161BD3FED30F6BE9A419D40 /* Feed */,
				A42B09D03F50BAE4E7265D38A45A6172 /* Look */,
				1E5EEACC73F0B2067BEA386D942B1580 /* MyPage */,
				FC7AD406E9A61B68CFE6809DE40ED38F /* Setting */,
				9E6F725ABBD0B87936DB74FB0EFBAEEE /* Splash */,
				E9E1A4A921F35FE4AF2DC69238B3FBED /* Supporting Files */,
				EA8D35008BD513F538F5DE5377E835EF /* Info.plist */,
				24933E175890AB6E3840CCDEEEA93A35 /* Main.storyboard */,
				764C9363F03498290ED7CCFC3B1919BA /* MainViewController.swift */,
			);
			path = Toonie;
			sourceTree = "<group>";
		};
		51483B2FA5A46C3D0289677EDBBA0457 /* Pods */ = {
			isa = PBXGroup;
			children = (
				46461D78EB2754C9A17D4352D5F97AC7 /* Pods-Toonie.debug.xcconfig */,
				300FB960FFEE2976C603D16E5DC4B10B /* Pods-Toonie.release.xcconfig */,
				F9FED2BB74D689EF6B88421CC1B8579D /* Pods-ToonieTests.debug.xcconfig */,
				630481886041EA402305CF71D731B02B /* Pods-ToonieTests.release.xcconfig */,
			);
			name = Pods;
			sourceTree = "<group>";
		};
		86B4A08A75551E8A7BBF979B5EAB3D51 /* Products */ = {
			isa = PBXGroup;
			children = (
				E5B5664A67B748CC79409D5ABB761F80 /* Toonie.app */,
				D32B5ACD1A82F7A257245C24D4210ADC /* ToonieTests.xctest */,
			);
			name = Products;
			sourceTree = "<group>";
		};
		9A660BF0B161BD3FED30F6BE9A419D40 /* Feed */ = {
			isa = PBXGroup;
			children = (
				D8B5D96B1CEFD3803CE8F8BA6C4DD741 /* Feed.storyboard */,
				5F10474D141A72A1B6A13688305988CE /* FeedFirstUIView.swift */,
				95272393C935BC5B688126817D77741C /* FeedFirstUIView.xib */,
				4CEB5CDA6A02D391B41506F9680F572F /* FeedViewController.swift */,
			);
			path = Feed;
			sourceTree = "<group>";
		};
		9E6F725ABBD0B87936DB74FB0EFBAEEE /* Splash */ = {
			isa = PBXGroup;
			children = (
				20EDEEDFB2A92FFAA9328EB4B2086305 /* KeywordCell.swift */,
				7369E794AEA4E0B7187CBD9AE26AFB2E /* KeywordSelectViewController.swift */,
				D181587B82E1BF344A7F8A87649CE2A5 /* SplashViewController.swift */,
				2043341A73508475E2C3AF559DC5BA15 /* logo.json */,
			);
			path = Splash;
			sourceTree = "<group>";
		};
		A42B09D03F50BAE4E7265D38A45A6172 /* Look */ = {
			isa = PBXGroup;
			children = (
				27B8AA7F074F516D27CE1E5F0928633C /* LookViewController */,
				917CB174956FF8ACDAD03E1840E2F0EF /* Look.storyboard */,
				84F8D5B7E8BE6D3DFDF575B20292F0BE /* LookDetailViewController.swift */,
			);
			path = Look;
			sourceTree = "<group>";
		};
		D7EB0356146547BFA7F3C37A1D559F26 /* ToonieTests */ = {
			isa = PBXGroup;
			children = (
				8D67243EE4C5277CA9E639E1FD1E0E03 /* Info.plist */,
				E8BEF0670CA0E9737AC0D8BB4C759F3D /* ToonieTests.swift */,
			);
			path = ToonieTests;
			sourceTree = "<group>";
		};
		E9E1A4A921F35FE4AF2DC69238B3FBED /* Supporting Files */ = {
			isa = PBXGroup;
			children = (
				0983BCBA1C869D8FA91A7719C7D244E3 /* AppDelegate.swift */,
				80C2C41933AFF35CEA1787DF94DFAF18 /* Assets.xcassets */,
				3B0C78D03E5A43CAFBDBB7ED8BE48B16 /* LaunchScreen.storyboard */,
				D8E1AD8B779448DA04C464E96AECF285 /* giphy.gif */,
			);
			path = "Supporting Files";
			sourceTree = "<group>";
		};
		FC7AD406E9A61B68CFE6809DE40ED38F /* Setting */ = {
			isa = PBXGroup;
			children = (
				9E36EE31DFE3F652BC7C1FA5A3693FA9 /* Setting.storyboard */,
			);
			path = Setting;
			sourceTree = "<group>";
		};
/* End PBXGroup section */

/* Begin PBXNativeTarget section */
		95BDF1BEF5288564E511594C77D7AF38 /* Toonie */ = {
			isa = PBXNativeTarget;
			buildConfigurationList = 1005CD2EABD7B937DC316161518995F5 /* Build configuration list for PBXNativeTarget "Toonie" */;
			buildPhases = (
				0A03A8E701D8806A7558B618CCC2B0D5 /* [CP] Check Pods Manifest.lock */,
				7B171198A32EB3EFBC3D890069B09B16 /* Sources */,
				CE5F455DCBC4B8425D238EF8FF886C7F /* Frameworks */,
				CF120053B284775B4869DE30ACAECF1F /* [CP] Embed Pods Frameworks */,
				177D19B0706A07426A4F6DC7872AF528 /* Resources */,
				130436991E1155E6C5F84FFA8B34B848 /* ShellScript */,
			);
			buildRules = (
			);
			dependencies = (
			);
			name = Toonie;
			productName = Toonie;
			productReference = E5B5664A67B748CC79409D5ABB761F80 /* Toonie.app */;
			productType = "com.apple.product-type.application";
		};
		A1C72FBDC68A91A4C52524BBDF2FBCF6 /* ToonieTests */ = {
			isa = PBXNativeTarget;
			buildConfigurationList = CEBF7D8AB227DC66E272F3979A2C90DB /* Build configuration list for PBXNativeTarget "ToonieTests" */;
			buildPhases = (
				4039ED9FF2DB05B090E76221D04E96A3 /* [CP] Check Pods Manifest.lock */,
				F143B5A3C419DA02745E94351D1DFCD6 /* Sources */,
				6D90D75656461EB0B098A4F8F5E7B4D8 /* Frameworks */,
				2DD072A8C01089DB5E9DD188FB890B7E /* Resources */,
			);
			buildRules = (
			);
			dependencies = (
				3571BF4CF9FE0F2ABAFD2B728E643F54 /* PBXTargetDependency */,
			);
			name = ToonieTests;
			productName = ToonieTests;
			productReference = D32B5ACD1A82F7A257245C24D4210ADC /* ToonieTests.xctest */;
			productType = "com.apple.product-type.bundle.unit-test";
		};
/* End PBXNativeTarget section */

/* Begin PBXProject section */
		6F584EBA5C29F3C756C4DEE7B94A2FA7 /* Project object */ = {
			isa = PBXProject;
			attributes = {
				LastSwiftUpdateCheck = 1010;
				LastUpgradeCheck = 1010;
				ORGANIZATIONNAME = Yapp;
				TargetAttributes = {
					95BDF1BEF5288564E511594C77D7AF38 = {
						CreatedOnToolsVersion = 10.1;
					};
					A1C72FBDC68A91A4C52524BBDF2FBCF6 = {
						CreatedOnToolsVersion = 10.1;
						TestTargetID = 95BDF1BEF5288564E511594C77D7AF38;
					};
				};
			};
			buildConfigurationList = CED07C3AC716963ABF5184C51C10497D /* Build configuration list for PBXProject "Toonie" */;
			compatibilityVersion = "Xcode 9.3";
			developmentRegion = en;
			hasScannedForEncodings = 0;
			knownRegions = (
				en,
				Base,
			);
			mainGroup = 262BC765159E6BB88A72DE819C145C06;
			productRefGroup = 86B4A08A75551E8A7BBF979B5EAB3D51 /* Products */;
			projectDirPath = "";
			projectRoot = "";
			targets = (
				95BDF1BEF5288564E511594C77D7AF38 /* Toonie */,
				A1C72FBDC68A91A4C52524BBDF2FBCF6 /* ToonieTests */,
			);
		};
/* End PBXProject section */

/* Begin PBXResourcesBuildPhase section */
		177D19B0706A07426A4F6DC7872AF528 /* Resources */ = {
			isa = PBXResourcesBuildPhase;
			buildActionMask = 2147483647;
			files = (
				3329D16EACF533982CBE706AE5A72FB7 /* .swiftlint.yml in Resources */,
				BB57D379599E229DE86C9F3A93FCBB0F /* Assets.xcassets in Resources */,
				922ED4640432D5E3205B5BFC83C2289A /* Feed.storyboard in Resources */,
				30FF5599710A31E1F75B51D08278EDA4 /* FeedFirstUIView.xib in Resources */,
				F6181CB59A1A2DF3317424DA3BADFE9F /* LaunchScreen.storyboard in Resources */,
				A1EEA867D16DF76FCAA9521EE5DEA370 /* Look.storyboard in Resources */,
				65A9D1EE7AE4C38B2B5EB9ADD14BAAA4 /* Main.storyboard in Resources */,
				3603ED7C6D7679C3634C60C341C440F4 /* MyPage.storyboard in Resources */,
				AC96669CCBB6474F1997196F2B782039 /* Setting.storyboard in Resources */,
				16B5F805D0B84D4BAE707BAAED697F08 /* giphy.gif in Resources */,
				CAA846D62AB9AD2D72906DDE2C71CD0A /* logo.json in Resources */,
				DF9380E6054C041E4A4F6709EF9B6863 /* logo_0.png in Resources */,
				3D69E4FABD3A0CA64D9C45ACEDA5447D /* logo_1.png in Resources */,
				A015E9745944183908CFB5EB622D8E1C /* logo_2.png in Resources */,
				2C5AB8160CD5EFBE5F7A784CEFF293BD /* logo_3.png in Resources */,
				EDECAA8A9C647CEC64310FC8C59ECC0D /* logo_4.png in Resources */,
				EA9A483AFB1A71A49124F85C18438FCC /* logo_5.png in Resources */,
				655E7C6DA37B63F408CDC8318128AD43 /* logo_6.png in Resources */,
				96A867D901E71622E9E989B52C5E0F65 /* logo_7.png in Resources */,
				613B0B6FD28864159F2BFAEC91BDFE5A /* logo_8.png in Resources */,
			);
			runOnlyForDeploymentPostprocessing = 0;
		};
		2DD072A8C01089DB5E9DD188FB890B7E /* Resources */ = {
			isa = PBXResourcesBuildPhase;
			buildActionMask = 2147483647;
			files = (
			);
			runOnlyForDeploymentPostprocessing = 0;
		};
/* End PBXResourcesBuildPhase section */

/* Begin PBXShellScriptBuildPhase section */
		0A03A8E701D8806A7558B618CCC2B0D5 /* [CP] Check Pods Manifest.lock */ = {
			isa = PBXShellScriptBuildPhase;
			buildActionMask = 2147483647;
			files = (
			);
			inputFileListPaths = (
			);
			inputPaths = (
				"${PODS_PODFILE_DIR_PATH}/Podfile.lock",
				"${PODS_ROOT}/Manifest.lock",
			);
			name = "[CP] Check Pods Manifest.lock";
			outputFileListPaths = (
			);
			outputPaths = (
				"$(DERIVED_FILE_DIR)/Pods-Toonie-checkManifestLockResult.txt",
			);
			runOnlyForDeploymentPostprocessing = 0;
			shellPath = /bin/sh;
			shellScript = "diff \"${PODS_PODFILE_DIR_PATH}/Podfile.lock\" \"${PODS_ROOT}/Manifest.lock\" > /dev/null\nif [ $? != 0 ] ; then\n    # print error to STDERR\n    echo \"error: The sandbox is not in sync with the Podfile.lock. Run 'pod install' or update your CocoaPods installation.\" >&2\n    exit 1\nfi\n# This output is used by Xcode 'outputs' to avoid re-running this script phase.\necho \"SUCCESS\" > \"${SCRIPT_OUTPUT_FILE_0}\"\n";
			showEnvVarsInLog = 0;
		};
		130436991E1155E6C5F84FFA8B34B848 /* ShellScript */ = {
			isa = PBXShellScriptBuildPhase;
			buildActionMask = 2147483647;
			files = (
			);
			inputFileListPaths = (
			);
			inputPaths = (
			);
			outputFileListPaths = (
			);
			outputPaths = (
			);
			runOnlyForDeploymentPostprocessing = 0;
			shellPath = /bin/sh;
			shellScript = "${PODS_ROOT}/SwiftLint/swiftlint\n";
		};
		4039ED9FF2DB05B090E76221D04E96A3 /* [CP] Check Pods Manifest.lock */ = {
			isa = PBXShellScriptBuildPhase;
			buildActionMask = 2147483647;
			files = (
			);
			inputFileListPaths = (
			);
			inputPaths = (
				"${PODS_PODFILE_DIR_PATH}/Podfile.lock",
				"${PODS_ROOT}/Manifest.lock",
			);
			name = "[CP] Check Pods Manifest.lock";
			outputFileListPaths = (
			);
			outputPaths = (
				"$(DERIVED_FILE_DIR)/Pods-ToonieTests-checkManifestLockResult.txt",
			);
			runOnlyForDeploymentPostprocessing = 0;
			shellPath = /bin/sh;
			shellScript = "diff \"${PODS_PODFILE_DIR_PATH}/Podfile.lock\" \"${PODS_ROOT}/Manifest.lock\" > /dev/null\nif [ $? != 0 ] ; then\n    # print error to STDERR\n    echo \"error: The sandbox is not in sync with the Podfile.lock. Run 'pod install' or update your CocoaPods installation.\" >&2\n    exit 1\nfi\n# This output is used by Xcode 'outputs' to avoid re-running this script phase.\necho \"SUCCESS\" > \"${SCRIPT_OUTPUT_FILE_0}\"\n";
			showEnvVarsInLog = 0;
		};
		CF120053B284775B4869DE30ACAECF1F /* [CP] Embed Pods Frameworks */ = {
			isa = PBXShellScriptBuildPhase;
			buildActionMask = 2147483647;
			files = (
			);
			inputFileListPaths = (
			);
			inputPaths = (
				"${SRCROOT}/Pods/Target Support Files/Pods-Toonie/Pods-Toonie-frameworks.sh",
				"${BUILT_PRODUCTS_DIR}/KTCenterFlowLayout/KTCenterFlowLayout.framework",
				"${BUILT_PRODUCTS_DIR}/Kingfisher/Kingfisher.framework",
				"${BUILT_PRODUCTS_DIR}/lottie-ios/Lottie.framework",
			);
			name = "[CP] Embed Pods Frameworks";
			outputFileListPaths = (
			);
			outputPaths = (
				"${TARGET_BUILD_DIR}/${FRAMEWORKS_FOLDER_PATH}/KTCenterFlowLayout.framework",
				"${TARGET_BUILD_DIR}/${FRAMEWORKS_FOLDER_PATH}/Kingfisher.framework",
				"${TARGET_BUILD_DIR}/${FRAMEWORKS_FOLDER_PATH}/Lottie.framework",
			);
			runOnlyForDeploymentPostprocessing = 0;
			shellPath = /bin/sh;
			shellScript = "\"${SRCROOT}/Pods/Target Support Files/Pods-Toonie/Pods-Toonie-frameworks.sh\"\n";
			showEnvVarsInLog = 0;
		};
/* End PBXShellScriptBuildPhase section */

/* Begin PBXSourcesBuildPhase section */
		7B171198A32EB3EFBC3D890069B09B16 /* Sources */ = {
			isa = PBXSourcesBuildPhase;
			buildActionMask = 2147483647;
			files = (
				2356B514E09193A5CBF1127EB3E77AB0 /* AppDelegate.swift in Sources */,
				4C699DADAA5D77D2B131D12B6B8886AB /* FeedFirstUIView.swift in Sources */,
				79425F98E4BBACCC219FB0C2FED44E53 /* FeedViewController.swift in Sources */,
				B8CD77E704B84AC69F36C250FB3FA1EC /* KeywordCell.swift in Sources */,
				841F43351B84CE479CB40DF8E83FA09B /* KeywordSelectViewController.swift in Sources */,
				6C2DEB00B715BF373C5B50D8B880EFF5 /* LookCell.swift in Sources */,
				BF70273ECAB02DBDD66811688A2ABF57 /* LookDetailViewController.swift in Sources */,
				2F487FFA72B9B1CA1B571558775F065E /* LookViewController.swift in Sources */,
				EAB2A133937A396F4086302AAA01BFD1 /* MainViewController.swift in Sources */,
				41EB1C85CC1A720BF0B6405FF32C0F8A /* MypageViewController.swift in Sources */,
				EA3F62E1C0F071466575AAE9D9B1A47D /* SplashViewController.swift in Sources */,
			);
			runOnlyForDeploymentPostprocessing = 0;
		};
		F143B5A3C419DA02745E94351D1DFCD6 /* Sources */ = {
			isa = PBXSourcesBuildPhase;
			buildActionMask = 2147483647;
			files = (
				0957B41AD138D0A49135F214132A015A /* ToonieTests.swift in Sources */,
			);
			runOnlyForDeploymentPostprocessing = 0;
		};
/* End PBXSourcesBuildPhase section */

/* Begin PBXTargetDependency section */
		3571BF4CF9FE0F2ABAFD2B728E643F54 /* PBXTargetDependency */ = {
			isa = PBXTargetDependency;
			target = 95BDF1BEF5288564E511594C77D7AF38 /* Toonie */;
			targetProxy = A7A7E1C4E7B4E70621F251BC0926A728 /* PBXContainerItemProxy */;
		};
/* End PBXTargetDependency section */

/* Begin PBXVariantGroup section */
		24933E175890AB6E3840CCDEEEA93A35 /* Main.storyboard */ = {
			isa = PBXVariantGroup;
			children = (
				D67AEE729F9E0A7D1BD8BCB25B6EA748 /* Base */,
			);
			name = Main.storyboard;
			sourceTree = "<group>";
		};
		3B0C78D03E5A43CAFBDBB7ED8BE48B16 /* LaunchScreen.storyboard */ = {
			isa = PBXVariantGroup;
			children = (
				D96ADF5E22F9048B9EE1FA43C04A076F /* Base */,
			);
			name = LaunchScreen.storyboard;
			sourceTree = "<group>";
		};
/* End PBXVariantGroup section */

/* Begin XCBuildConfiguration section */
		0F9CC5923CD86EC0AECE581401432844 /* Release */ = {
			isa = XCBuildConfiguration;
			baseConfigurationReference = 630481886041EA402305CF71D731B02B /* Pods-ToonieTests.release.xcconfig */;
			buildSettings = {
				ALWAYS_EMBED_SWIFT_STANDARD_LIBRARIES = YES;
				BUNDLE_LOADER = "$(TEST_HOST)";
				CODE_SIGN_STYLE = Automatic;
				DEVELOPMENT_TEAM = R78643UTJ5;
				INFOPLIST_FILE = ToonieTests/Info.plist;
				LD_RUNPATH_SEARCH_PATHS = (
					"$(inherited)",
					"@executable_path/Frameworks",
					"@loader_path/Frameworks",
				);
				PRODUCT_BUNDLE_IDENTIFIER = com.toonie.ToonieTests;
				PRODUCT_NAME = "$(TARGET_NAME)";
				SWIFT_VERSION = 4.2;
				TARGETED_DEVICE_FAMILY = "1,2";
				TEST_HOST = "$(BUILT_PRODUCTS_DIR)/Toonie.app/Toonie";
			};
			name = Release;
		};
		749A984054BDCD116106516BF98FEE0B /* Debug */ = {
			isa = XCBuildConfiguration;
			baseConfigurationReference = 46461D78EB2754C9A17D4352D5F97AC7 /* Pods-Toonie.debug.xcconfig */;
			buildSettings = {
				ASSETCATALOG_COMPILER_APPICON_NAME = AppIcon;
				CODE_SIGN_STYLE = Automatic;
				DEVELOPMENT_TEAM = R78643UTJ5;
				INFOPLIST_FILE = Toonie/Info.plist;
				IPHONEOS_DEPLOYMENT_TARGET = 11.0;
				LD_RUNPATH_SEARCH_PATHS = (
					"$(inherited)",
					"@executable_path/Frameworks",
				);
				PRODUCT_BUNDLE_IDENTIFIER = com.Toonie;
				PRODUCT_NAME = "$(TARGET_NAME)";
				SWIFT_VERSION = 4.2;
				TARGETED_DEVICE_FAMILY = "1,2";
			};
			name = Debug;
		};
		771EE3F1C570BD69A7E466EA5F3CDF0A /* Release */ = {
			isa = XCBuildConfiguration;
			baseConfigurationReference = 300FB960FFEE2976C603D16E5DC4B10B /* Pods-Toonie.release.xcconfig */;
			buildSettings = {
				ASSETCATALOG_COMPILER_APPICON_NAME = AppIcon;
				CODE_SIGN_STYLE = Automatic;
				DEVELOPMENT_TEAM = R78643UTJ5;
				INFOPLIST_FILE = Toonie/Info.plist;
				IPHONEOS_DEPLOYMENT_TARGET = 11.0;
				LD_RUNPATH_SEARCH_PATHS = (
					"$(inherited)",
					"@executable_path/Frameworks",
				);
				PRODUCT_BUNDLE_IDENTIFIER = com.Toonie;
				PRODUCT_NAME = "$(TARGET_NAME)";
				SWIFT_VERSION = 4.2;
				TARGETED_DEVICE_FAMILY = "1,2";
			};
			name = Release;
		};
		93D347D805C23CED78D22521FF0F2A3B /* Debug */ = {
			isa = XCBuildConfiguration;
			baseConfigurationReference = F9FED2BB74D689EF6B88421CC1B8579D /* Pods-ToonieTests.debug.xcconfig */;
			buildSettings = {
				ALWAYS_EMBED_SWIFT_STANDARD_LIBRARIES = YES;
				BUNDLE_LOADER = "$(TEST_HOST)";
				CODE_SIGN_STYLE = Automatic;
				DEVELOPMENT_TEAM = R78643UTJ5;
				INFOPLIST_FILE = ToonieTests/Info.plist;
				LD_RUNPATH_SEARCH_PATHS = (
					"$(inherited)",
					"@executable_path/Frameworks",
					"@loader_path/Frameworks",
				);
				PRODUCT_BUNDLE_IDENTIFIER = com.toonie.ToonieTests;
				PRODUCT_NAME = "$(TARGET_NAME)";
				SWIFT_VERSION = 4.2;
				TARGETED_DEVICE_FAMILY = "1,2";
				TEST_HOST = "$(BUILT_PRODUCTS_DIR)/Toonie.app/Toonie";
			};
			name = Debug;
		};
		A3923264EC329E6705B2FE3EB8811BB2 /* Release */ = {
			isa = XCBuildConfiguration;
			buildSettings = {
				ALWAYS_SEARCH_USER_PATHS = NO;
				CLANG_ANALYZER_NONNULL = YES;
				CLANG_ANALYZER_NUMBER_OBJECT_CONVERSION = YES_AGGRESSIVE;
				CLANG_CXX_LANGUAGE_STANDARD = "gnu++14";
				CLANG_CXX_LIBRARY = "libc++";
				CLANG_ENABLE_MODULES = YES;
				CLANG_ENABLE_OBJC_ARC = YES;
				CLANG_ENABLE_OBJC_WEAK = YES;
				CLANG_WARN_BLOCK_CAPTURE_AUTORELEASING = YES;
				CLANG_WARN_BOOL_CONVERSION = YES;
				CLANG_WARN_COMMA = YES;
				CLANG_WARN_CONSTANT_CONVERSION = YES;
				CLANG_WARN_DEPRECATED_OBJC_IMPLEMENTATIONS = YES;
				CLANG_WARN_DIRECT_OBJC_ISA_USAGE = YES_ERROR;
				CLANG_WARN_DOCUMENTATION_COMMENTS = YES;
				CLANG_WARN_EMPTY_BODY = YES;
				CLANG_WARN_ENUM_CONVERSION = YES;
				CLANG_WARN_INFINITE_RECURSION = YES;
				CLANG_WARN_INT_CONVERSION = YES;
				CLANG_WARN_NON_LITERAL_NULL_CONVERSION = YES;
				CLANG_WARN_OBJC_IMPLICIT_RETAIN_SELF = YES;
				CLANG_WARN_OBJC_LITERAL_CONVERSION = YES;
				CLANG_WARN_OBJC_ROOT_CLASS = YES_ERROR;
				CLANG_WARN_RANGE_LOOP_ANALYSIS = YES;
				CLANG_WARN_STRICT_PROTOTYPES = YES;
				CLANG_WARN_SUSPICIOUS_MOVE = YES;
				CLANG_WARN_UNGUARDED_AVAILABILITY = YES_AGGRESSIVE;
				CLANG_WARN_UNREACHABLE_CODE = YES;
				CLANG_WARN__DUPLICATE_METHOD_MATCH = YES;
				CODE_SIGN_IDENTITY = "iPhone Developer";
				COPY_PHASE_STRIP = NO;
				DEBUG_INFORMATION_FORMAT = "dwarf-with-dsym";
				ENABLE_NS_ASSERTIONS = NO;
				ENABLE_STRICT_OBJC_MSGSEND = YES;
				GCC_C_LANGUAGE_STANDARD = gnu11;
				GCC_NO_COMMON_BLOCKS = YES;
				GCC_WARN_64_TO_32_BIT_CONVERSION = YES;
				GCC_WARN_ABOUT_RETURN_TYPE = YES_ERROR;
				GCC_WARN_UNDECLARED_SELECTOR = YES;
				GCC_WARN_UNINITIALIZED_AUTOS = YES_AGGRESSIVE;
				GCC_WARN_UNUSED_FUNCTION = YES;
				GCC_WARN_UNUSED_VARIABLE = YES;
				IPHONEOS_DEPLOYMENT_TARGET = 11.0;
				MTL_ENABLE_DEBUG_INFO = NO;
				MTL_FAST_MATH = YES;
				SDKROOT = iphoneos;
				SWIFT_COMPILATION_MODE = wholemodule;
				SWIFT_OPTIMIZATION_LEVEL = "-O";
				VALIDATE_PRODUCT = YES;
			};
			name = Release;
		};
		CB409F3C6FFC150B890DF0A12D6BA2D6 /* Debug */ = {
			isa = XCBuildConfiguration;
			buildSettings = {
				ALWAYS_SEARCH_USER_PATHS = NO;
				CLANG_ANALYZER_NONNULL = YES;
				CLANG_ANALYZER_NUMBER_OBJECT_CONVERSION = YES_AGGRESSIVE;
				CLANG_CXX_LANGUAGE_STANDARD = "gnu++14";
				CLANG_CXX_LIBRARY = "libc++";
				CLANG_ENABLE_MODULES = YES;
				CLANG_ENABLE_OBJC_ARC = YES;
				CLANG_ENABLE_OBJC_WEAK = YES;
				CLANG_WARN_BLOCK_CAPTURE_AUTORELEASING = YES;
				CLANG_WARN_BOOL_CONVERSION = YES;
				CLANG_WARN_COMMA = YES;
				CLANG_WARN_CONSTANT_CONVERSION = YES;
				CLANG_WARN_DEPRECATED_OBJC_IMPLEMENTATIONS = YES;
				CLANG_WARN_DIRECT_OBJC_ISA_USAGE = YES_ERROR;
				CLANG_WARN_DOCUMENTATION_COMMENTS = YES;
				CLANG_WARN_EMPTY_BODY = YES;
				CLANG_WARN_ENUM_CONVERSION = YES;
				CLANG_WARN_INFINITE_RECURSION = YES;
				CLANG_WARN_INT_CONVERSION = YES;
				CLANG_WARN_NON_LITERAL_NULL_CONVERSION = YES;
				CLANG_WARN_OBJC_IMPLICIT_RETAIN_SELF = YES;
				CLANG_WARN_OBJC_LITERAL_CONVERSION = YES;
				CLANG_WARN_OBJC_ROOT_CLASS = YES_ERROR;
				CLANG_WARN_RANGE_LOOP_ANALYSIS = YES;
				CLANG_WARN_STRICT_PROTOTYPES = YES;
				CLANG_WARN_SUSPICIOUS_MOVE = YES;
				CLANG_WARN_UNGUARDED_AVAILABILITY = YES_AGGRESSIVE;
				CLANG_WARN_UNREACHABLE_CODE = YES;
				CLANG_WARN__DUPLICATE_METHOD_MATCH = YES;
				CODE_SIGN_IDENTITY = "iPhone Developer";
				COPY_PHASE_STRIP = NO;
				DEBUG_INFORMATION_FORMAT = dwarf;
				ENABLE_STRICT_OBJC_MSGSEND = YES;
				ENABLE_TESTABILITY = YES;
				GCC_C_LANGUAGE_STANDARD = gnu11;
				GCC_DYNAMIC_NO_PIC = NO;
				GCC_NO_COMMON_BLOCKS = YES;
				GCC_OPTIMIZATION_LEVEL = 0;
				GCC_PREPROCESSOR_DEFINITIONS = (
					"DEBUG=1",
					"$(inherited)",
				);
				GCC_WARN_64_TO_32_BIT_CONVERSION = YES;
				GCC_WARN_ABOUT_RETURN_TYPE = YES_ERROR;
				GCC_WARN_UNDECLARED_SELECTOR = YES;
				GCC_WARN_UNINITIALIZED_AUTOS = YES_AGGRESSIVE;
				GCC_WARN_UNUSED_FUNCTION = YES;
				GCC_WARN_UNUSED_VARIABLE = YES;
				IPHONEOS_DEPLOYMENT_TARGET = 11.0;
				MTL_ENABLE_DEBUG_INFO = INCLUDE_SOURCE;
				MTL_FAST_MATH = YES;
				ONLY_ACTIVE_ARCH = YES;
				SDKROOT = iphoneos;
				SWIFT_ACTIVE_COMPILATION_CONDITIONS = DEBUG;
				SWIFT_OPTIMIZATION_LEVEL = "-Onone";
			};
			name = Debug;
		};
/* End XCBuildConfiguration section */

/* Begin XCConfigurationList section */
		1005CD2EABD7B937DC316161518995F5 /* Build configuration list for PBXNativeTarget "Toonie" */ = {
			isa = XCConfigurationList;
			buildConfigurations = (
				749A984054BDCD116106516BF98FEE0B /* Debug */,
				771EE3F1C570BD69A7E466EA5F3CDF0A /* Release */,
			);
			defaultConfigurationIsVisible = 0;
			defaultConfigurationName = Release;
		};
		CEBF7D8AB227DC66E272F3979A2C90DB /* Build configuration list for PBXNativeTarget "ToonieTests" */ = {
			isa = XCConfigurationList;
			buildConfigurations = (
				93D347D805C23CED78D22521FF0F2A3B /* Debug */,
				0F9CC5923CD86EC0AECE581401432844 /* Release */,
			);
			defaultConfigurationIsVisible = 0;
			defaultConfigurationName = Release;
		};
		CED07C3AC716963ABF5184C51C10497D /* Build configuration list for PBXProject "Toonie" */ = {
			isa = XCConfigurationList;
			buildConfigurations = (
				CB409F3C6FFC150B890DF0A12D6BA2D6 /* Debug */,
				A3923264EC329E6705B2FE3EB8811BB2 /* Release */,
			);
			defaultConfigurationIsVisible = 0;
			defaultConfigurationName = Release;
		};
/* End XCConfigurationList section */
	};
	rootObject = 6F584EBA5C29F3C756C4DEE7B94A2FA7 /* Project object */;
}
